// !$*UTF8*$!
{
	archiveVersion = 1;
	classes = {
	};
	objectVersion = 50;
	objects = {

/* Begin PBXBuildFile section */
		79DB6D4926F0A3530097DCC2 /* main.cpp in Sources */ = {isa = PBXBuildFile; fileRef = 79DB6D4826F0A3530097DCC2 /* main.cpp */; };
		79DB6D5926F0A6A70097DCC2 /* TC1Time.cpp in Sources */ = {isa = PBXBuildFile; fileRef = 79DB6D5526F0A6A70097DCC2 /* TC1Time.cpp */; };
		79DB6D5A26F0A6A70097DCC2 /* Utils.cpp in Sources */ = {isa = PBXBuildFile; fileRef = 79DB6D5626F0A6A70097DCC2 /* Utils.cpp */; };
		79DB6D5B26F0A6A70097DCC2 /* Typhoon.cpp in Sources */ = {isa = PBXBuildFile; fileRef = 79DB6D5726F0A6A70097DCC2 /* Typhoon.cpp */; };
		79DB6D5C26F0A6A70097DCC2 /* Processor.cpp in Sources */ = {isa = PBXBuildFile; fileRef = 79DB6D5826F0A6A70097DCC2 /* Processor.cpp */; };
		79DB6D6026F0AC090097DCC2 /* libnetcdf-cxx4.a in Frameworks */ = {isa = PBXBuildFile; fileRef = 79DB6D5F26F0AC090097DCC2 /* libnetcdf-cxx4.a */; };
		79DB6D6226F0AC120097DCC2 /* libnetcdf.a in Frameworks */ = {isa = PBXBuildFile; fileRef = 79DB6D6126F0AC120097DCC2 /* libnetcdf.a */; };
		79DB6D6426F0ACE30097DCC2 /* libboost_serialization.a in Frameworks */ = {isa = PBXBuildFile; fileRef = 79DB6D6326F0ACE30097DCC2 /* libboost_serialization.a */; };
		79DB6D6626F0AD4C0097DCC2 /* libboost_filesystem.a in Frameworks */ = {isa = PBXBuildFile; fileRef = 79DB6D6526F0AD4C0097DCC2 /* libboost_filesystem.a */; };
/* End PBXBuildFile section */

/* Begin PBXCopyFilesBuildPhase section */
		79DB6D4326F0A3530097DCC2 /* CopyFiles */ = {
			isa = PBXCopyFilesBuildPhase;
			buildActionMask = 2147483647;
			dstPath = /usr/share/man/man1/;
			dstSubfolderSpec = 0;
			files = (
			);
			runOnlyForDeploymentPostprocessing = 1;
		};
/* End PBXCopyFilesBuildPhase section */

/* Begin PBXFileReference section */
		79DB6D4526F0A3530097DCC2 /* TC_Tracker_CLI */ = {isa = PBXFileReference; explicitFileType = "compiled.mach-o.executable"; includeInIndex = 0; path = TC_Tracker_CLI; sourceTree = BUILT_PRODUCTS_DIR; };
		79DB6D4826F0A3530097DCC2 /* main.cpp */ = {isa = PBXFileReference; lastKnownFileType = sourcecode.cpp.cpp; path = main.cpp; sourceTree = "<group>"; };
		79DB6D5026F0A6540097DCC2 /* Typhoon.h */ = {isa = PBXFileReference; fileEncoding = 4; lastKnownFileType = sourcecode.c.h; name = Typhoon.h; path = ../../core/include/Typhoon.h; sourceTree = "<group>"; };
		79DB6D5126F0A6540097DCC2 /* Utils.h */ = {isa = PBXFileReference; fileEncoding = 4; lastKnownFileType = sourcecode.c.h; name = Utils.h; path = ../../core/include/Utils.h; sourceTree = "<group>"; };
		79DB6D5226F0A6540097DCC2 /* TC1Time.h */ = {isa = PBXFileReference; fileEncoding = 4; lastKnownFileType = sourcecode.c.h; name = TC1Time.h; path = ../../core/include/TC1Time.h; sourceTree = "<group>"; };
		79DB6D5326F0A6540097DCC2 /* Processor.h */ = {isa = PBXFileReference; fileEncoding = 4; lastKnownFileType = sourcecode.c.h; name = Processor.h; path = ../../core/include/Processor.h; sourceTree = "<group>"; };
		79DB6D5526F0A6A70097DCC2 /* TC1Time.cpp */ = {isa = PBXFileReference; fileEncoding = 4; lastKnownFileType = sourcecode.cpp.cpp; name = TC1Time.cpp; path = ../../core/src/TC1Time.cpp; sourceTree = "<group>"; };
		79DB6D5626F0A6A70097DCC2 /* Utils.cpp */ = {isa = PBXFileReference; fileEncoding = 4; lastKnownFileType = sourcecode.cpp.cpp; name = Utils.cpp; path = ../../core/src/Utils.cpp; sourceTree = "<group>"; };
		79DB6D5726F0A6A70097DCC2 /* Typhoon.cpp */ = {isa = PBXFileReference; fileEncoding = 4; lastKnownFileType = sourcecode.cpp.cpp; name = Typhoon.cpp; path = ../../core/src/Typhoon.cpp; sourceTree = "<group>"; };
		79DB6D5826F0A6A70097DCC2 /* Processor.cpp */ = {isa = PBXFileReference; fileEncoding = 4; lastKnownFileType = sourcecode.cpp.cpp; name = Processor.cpp; path = ../../core/src/Processor.cpp; sourceTree = "<group>"; };
		79DB6D5D26F0A7200097DCC2 /* cxxopts.hpp */ = {isa = PBXFileReference; fileEncoding = 4; lastKnownFileType = sourcecode.cpp.h; path = cxxopts.hpp; sourceTree = "<group>"; };
		79DB6D5F26F0AC090097DCC2 /* libnetcdf-cxx4.a */ = {isa = PBXFileReference; lastKnownFileType = archive.ar; name = "libnetcdf-cxx4.a"; path = "../../../../../../../../../../opt/homebrew/lib/libnetcdf-cxx4.a"; sourceTree = "<group>"; };
		79DB6D6126F0AC120097DCC2 /* libnetcdf.a */ = {isa = PBXFileReference; lastKnownFileType = archive.ar; name = libnetcdf.a; path = ../../../../../../../../../../opt/homebrew/lib/libnetcdf.a; sourceTree = "<group>"; };
		79DB6D6326F0ACE30097DCC2 /* libboost_serialization.a */ = {isa = PBXFileReference; lastKnownFileType = archive.ar; name = libboost_serialization.a; path = ../../../../../../../../../../opt/homebrew/Cellar/boost/1.76.0/lib/libboost_serialization.a; sourceTree = "<group>"; };
		79DB6D6526F0AD4C0097DCC2 /* libboost_filesystem.a */ = {isa = PBXFileReference; lastKnownFileType = archive.ar; name = libboost_filesystem.a; path = ../../../../../../../../../../opt/homebrew/Cellar/boost/1.76.0/lib/libboost_filesystem.a; sourceTree = "<group>"; };
/* End PBXFileReference section */

/* Begin PBXFrameworksBuildPhase section */
		79DB6D4226F0A3530097DCC2 /* Frameworks */ = {
			isa = PBXFrameworksBuildPhase;
			buildActionMask = 2147483647;
			files = (
				79DB6D6026F0AC090097DCC2 /* libnetcdf-cxx4.a in Frameworks */,
				79DB6D6226F0AC120097DCC2 /* libnetcdf.a in Frameworks */,
				79DB6D6426F0ACE30097DCC2 /* libboost_serialization.a in Frameworks */,
				79DB6D6626F0AD4C0097DCC2 /* libboost_filesystem.a in Frameworks */,
			);
			runOnlyForDeploymentPostprocessing = 0;
		};
/* End PBXFrameworksBuildPhase section */

/* Begin PBXGroup section */
		79DB6D3C26F0A3530097DCC2 = {
			isa = PBXGroup;
			children = (
				79DB6D4726F0A3530097DCC2 /* TC_Tracker_CLI */,
				79DB6D4626F0A3530097DCC2 /* Products */,
				79DB6D5E26F0AC090097DCC2 /* Frameworks */,
			);
			sourceTree = "<group>";
		};
		79DB6D4626F0A3530097DCC2 /* Products */ = {
			isa = PBXGroup;
			children = (
				79DB6D4526F0A3530097DCC2 /* TC_Tracker_CLI */,
			);
			name = Products;
			sourceTree = "<group>";
		};
		79DB6D4726F0A3530097DCC2 /* TC_Tracker_CLI */ = {
			isa = PBXGroup;
			children = (
				79DB6D5426F0A6860097DCC2 /* src */,
				79DB6D4F26F0A5EC0097DCC2 /* include */,
				79DB6D4826F0A3530097DCC2 /* main.cpp */,
			);
			path = TC_Tracker_CLI;
			sourceTree = "<group>";
		};
		79DB6D4F26F0A5EC0097DCC2 /* include */ = {
			isa = PBXGroup;
			children = (
				79DB6D5326F0A6540097DCC2 /* Processor.h */,
				79DB6D5226F0A6540097DCC2 /* TC1Time.h */,
				79DB6D5026F0A6540097DCC2 /* Typhoon.h */,
				79DB6D5126F0A6540097DCC2 /* Utils.h */,
				79DB6D5D26F0A7200097DCC2 /* cxxopts.hpp */,
			);
			name = include;
			sourceTree = "<group>";
		};
		79DB6D5426F0A6860097DCC2 /* src */ = {
			isa = PBXGroup;
			children = (
				79DB6D5826F0A6A70097DCC2 /* Processor.cpp */,
				79DB6D5526F0A6A70097DCC2 /* TC1Time.cpp */,
				79DB6D5726F0A6A70097DCC2 /* Typhoon.cpp */,
				79DB6D5626F0A6A70097DCC2 /* Utils.cpp */,
			);
			name = src;
			sourceTree = "<group>";
		};
		79DB6D5E26F0AC090097DCC2 /* Frameworks */ = {
			isa = PBXGroup;
			children = (
				79DB6D6526F0AD4C0097DCC2 /* libboost_filesystem.a */,
				79DB6D6326F0ACE30097DCC2 /* libboost_serialization.a */,
				79DB6D6126F0AC120097DCC2 /* libnetcdf.a */,
				79DB6D5F26F0AC090097DCC2 /* libnetcdf-cxx4.a */,
			);
			name = Frameworks;
			sourceTree = "<group>";
		};
/* End PBXGroup section */

/* Begin PBXNativeTarget section */
		79DB6D4426F0A3530097DCC2 /* TC_Tracker_CLI */ = {
			isa = PBXNativeTarget;
			buildConfigurationList = 79DB6D4C26F0A3530097DCC2 /* Build configuration list for PBXNativeTarget "TC_Tracker_CLI" */;
			buildPhases = (
				79DB6D4126F0A3530097DCC2 /* Sources */,
				79DB6D4226F0A3530097DCC2 /* Frameworks */,
				79DB6D4326F0A3530097DCC2 /* CopyFiles */,
			);
			buildRules = (
			);
			dependencies = (
			);
			name = TC_Tracker_CLI;
			productName = TC_Tracker_CLI;
			productReference = 79DB6D4526F0A3530097DCC2 /* TC_Tracker_CLI */;
			productType = "com.apple.product-type.tool";
		};
/* End PBXNativeTarget section */

/* Begin PBXProject section */
		79DB6D3D26F0A3530097DCC2 /* Project object */ = {
			isa = PBXProject;
			attributes = {
				LastUpgradeCheck = 1250;
				TargetAttributes = {
					79DB6D4426F0A3530097DCC2 = {
						CreatedOnToolsVersion = 12.5.1;
					};
				};
			};
			buildConfigurationList = 79DB6D4026F0A3530097DCC2 /* Build configuration list for PBXProject "TC_Tracker_CLI" */;
			compatibilityVersion = "Xcode 9.3";
			developmentRegion = en;
			hasScannedForEncodings = 0;
			knownRegions = (
				en,
				Base,
			);
			mainGroup = 79DB6D3C26F0A3530097DCC2;
			productRefGroup = 79DB6D4626F0A3530097DCC2 /* Products */;
			projectDirPath = "";
			projectRoot = "";
			targets = (
				79DB6D4426F0A3530097DCC2 /* TC_Tracker_CLI */,
			);
		};
/* End PBXProject section */

/* Begin PBXSourcesBuildPhase section */
		79DB6D4126F0A3530097DCC2 /* Sources */ = {
			isa = PBXSourcesBuildPhase;
			buildActionMask = 2147483647;
			files = (
				79DB6D4926F0A3530097DCC2 /* main.cpp in Sources */,
				79DB6D5B26F0A6A70097DCC2 /* Typhoon.cpp in Sources */,
				79DB6D5C26F0A6A70097DCC2 /* Processor.cpp in Sources */,
				79DB6D5A26F0A6A70097DCC2 /* Utils.cpp in Sources */,
				79DB6D5926F0A6A70097DCC2 /* TC1Time.cpp in Sources */,
			);
			runOnlyForDeploymentPostprocessing = 0;
		};
/* End PBXSourcesBuildPhase section */

/* Begin XCBuildConfiguration section */
		79DB6D4A26F0A3530097DCC2 /* Debug */ = {
			isa = XCBuildConfiguration;
			buildSettings = {
				ALWAYS_SEARCH_USER_PATHS = NO;
				CLANG_ANALYZER_NONNULL = YES;
				CLANG_ANALYZER_NUMBER_OBJECT_CONVERSION = YES_AGGRESSIVE;
				CLANG_CXX_LANGUAGE_STANDARD = "gnu++14";
				CLANG_CXX_LIBRARY = "libc++";
				CLANG_ENABLE_MODULES = YES;
				CLANG_ENABLE_OBJC_ARC = YES;
				CLANG_ENABLE_OBJC_WEAK = YES;
				CLANG_WARN_BLOCK_CAPTURE_AUTORELEASING = YES;
				CLANG_WARN_BOOL_CONVERSION = YES;
				CLANG_WARN_COMMA = YES;
				CLANG_WARN_CONSTANT_CONVERSION = YES;
				CLANG_WARN_DEPRECATED_OBJC_IMPLEMENTATIONS = YES;
				CLANG_WARN_DIRECT_OBJC_ISA_USAGE = YES_ERROR;
				CLANG_WARN_DOCUMENTATION_COMMENTS = YES;
				CLANG_WARN_EMPTY_BODY = YES;
				CLANG_WARN_ENUM_CONVERSION = YES;
				CLANG_WARN_INFINITE_RECURSION = YES;
				CLANG_WARN_INT_CONVERSION = YES;
				CLANG_WARN_NON_LITERAL_NULL_CONVERSION = YES;
				CLANG_WARN_OBJC_IMPLICIT_RETAIN_SELF = YES;
				CLANG_WARN_OBJC_LITERAL_CONVERSION = YES;
				CLANG_WARN_OBJC_ROOT_CLASS = YES_ERROR;
				CLANG_WARN_QUOTED_INCLUDE_IN_FRAMEWORK_HEADER = YES;
				CLANG_WARN_RANGE_LOOP_ANALYSIS = YES;
				CLANG_WARN_STRICT_PROTOTYPES = YES;
				CLANG_WARN_SUSPICIOUS_MOVE = YES;
				CLANG_WARN_UNGUARDED_AVAILABILITY = YES_AGGRESSIVE;
				CLANG_WARN_UNREACHABLE_CODE = YES;
				CLANG_WARN__DUPLICATE_METHOD_MATCH = YES;
				COPY_PHASE_STRIP = NO;
				DEBUG_INFORMATION_FORMAT = dwarf;
				ENABLE_STRICT_OBJC_MSGSEND = YES;
				ENABLE_TESTABILITY = YES;
				GCC_C_LANGUAGE_STANDARD = gnu11;
				GCC_DYNAMIC_NO_PIC = NO;
				GCC_NO_COMMON_BLOCKS = YES;
				GCC_OPTIMIZATION_LEVEL = 0;
				GCC_PREPROCESSOR_DEFINITIONS = (
					"DEBUG=1",
					"$(inherited)",
				);
				GCC_WARN_64_TO_32_BIT_CONVERSION = YES;
				GCC_WARN_ABOUT_RETURN_TYPE = YES_ERROR;
				GCC_WARN_UNDECLARED_SELECTOR = YES;
				GCC_WARN_UNINITIALIZED_AUTOS = YES_AGGRESSIVE;
				GCC_WARN_UNUSED_FUNCTION = YES;
				GCC_WARN_UNUSED_VARIABLE = YES;
				MACOSX_DEPLOYMENT_TARGET = 11.3;
				MTL_ENABLE_DEBUG_INFO = INCLUDE_SOURCE;
				MTL_FAST_MATH = YES;
				ONLY_ACTIVE_ARCH = YES;
				SDKROOT = macosx;
			};
			name = Debug;
		};
		79DB6D4B26F0A3530097DCC2 /* Release */ = {
			isa = XCBuildConfiguration;
			buildSettings = {
				ALWAYS_SEARCH_USER_PATHS = NO;
				CLANG_ANALYZER_NONNULL = YES;
				CLANG_ANALYZER_NUMBER_OBJECT_CONVERSION = YES_AGGRESSIVE;
				CLANG_CXX_LANGUAGE_STANDARD = "gnu++14";
				CLANG_CXX_LIBRARY = "libc++";
				CLANG_ENABLE_MODULES = YES;
				CLANG_ENABLE_OBJC_ARC = YES;
				CLANG_ENABLE_OBJC_WEAK = YES;
				CLANG_WARN_BLOCK_CAPTURE_AUTORELEASING = YES;
				CLANG_WARN_BOOL_CONVERSION = YES;
				CLANG_WARN_COMMA = YES;
				CLANG_WARN_CONSTANT_CONVERSION = YES;
				CLANG_WARN_DEPRECATED_OBJC_IMPLEMENTATIONS = YES;
				CLANG_WARN_DIRECT_OBJC_ISA_USAGE = YES_ERROR;
				CLANG_WARN_DOCUMENTATION_COMMENTS = YES;
				CLANG_WARN_EMPTY_BODY = YES;
				CLANG_WARN_ENUM_CONVERSION = YES;
				CLANG_WARN_INFINITE_RECURSION = YES;
				CLANG_WARN_INT_CONVERSION = YES;
				CLANG_WARN_NON_LITERAL_NULL_CONVERSION = YES;
				CLANG_WARN_OBJC_IMPLICIT_RETAIN_SELF = YES;
				CLANG_WARN_OBJC_LITERAL_CONVERSION = YES;
				CLANG_WARN_OBJC_ROOT_CLASS = YES_ERROR;
				CLANG_WARN_QUOTED_INCLUDE_IN_FRAMEWORK_HEADER = YES;
				CLANG_WARN_RANGE_LOOP_ANALYSIS = YES;
				CLANG_WARN_STRICT_PROTOTYPES = YES;
				CLANG_WARN_SUSPICIOUS_MOVE = YES;
				CLANG_WARN_UNGUARDED_AVAILABILITY = YES_AGGRESSIVE;
				CLANG_WARN_UNREACHABLE_CODE = YES;
				CLANG_WARN__DUPLICATE_METHOD_MATCH = YES;
				COPY_PHASE_STRIP = NO;
				DEBUG_INFORMATION_FORMAT = "dwarf-with-dsym";
				ENABLE_NS_ASSERTIONS = NO;
				ENABLE_STRICT_OBJC_MSGSEND = YES;
				GCC_C_LANGUAGE_STANDARD = gnu11;
				GCC_NO_COMMON_BLOCKS = YES;
				GCC_WARN_64_TO_32_BIT_CONVERSION = YES;
				GCC_WARN_ABOUT_RETURN_TYPE = YES_ERROR;
				GCC_WARN_UNDECLARED_SELECTOR = YES;
				GCC_WARN_UNINITIALIZED_AUTOS = YES_AGGRESSIVE;
				GCC_WARN_UNUSED_FUNCTION = YES;
				GCC_WARN_UNUSED_VARIABLE = YES;
				MACOSX_DEPLOYMENT_TARGET = 11.3;
				MTL_ENABLE_DEBUG_INFO = NO;
				MTL_FAST_MATH = YES;
				SDKROOT = macosx;
			};
			name = Release;
		};
		79DB6D4D26F0A3530097DCC2 /* Debug */ = {
			isa = XCBuildConfiguration;
			buildSettings = {
				CLANG_CXX_LANGUAGE_STANDARD = "gnu++17";
				CODE_SIGN_STYLE = Automatic;
				HEADER_SEARCH_PATHS = (
					/Users/richard/Documents/p_learn/cpp_learn/TC_Tracker/code/projects/TC_Tracker/core/include,
					/opt/homebrew/include,
					/opt/homebrew/Cellar/boost/1.76.0/include,
				);
				LIBRARY_SEARCH_PATHS = (
					/opt/homebrew/lib,
					/opt/homebrew/Cellar/boost/1.76.0/lib,
				);
				PRODUCT_NAME = "$(TARGET_NAME)";
			};
			name = Debug;
		};
		79DB6D4E26F0A3530097DCC2 /* Release */ = {
			isa = XCBuildConfiguration;
			buildSettings = {
				CLANG_CXX_LANGUAGE_STANDARD = "gnu++17";
				CODE_SIGN_STYLE = Automatic;
				HEADER_SEARCH_PATHS = (
					/Users/richard/Documents/p_learn/cpp_learn/TC_Tracker/code/projects/TC_Tracker/core/include,
					/opt/homebrew/include,
					/opt/homebrew/Cellar/boost/1.76.0/include,
				);
				LIBRARY_SEARCH_PATHS = (
					/opt/homebrew/lib,
					/opt/homebrew/Cellar/boost/1.76.0/lib,
				);
				PRODUCT_NAME = "$(TARGET_NAME)";
			};
			name = Release;
		};
/* End XCBuildConfiguration section */

/* Begin XCConfigurationList section */
		79DB6D4026F0A3530097DCC2 /* Build configuration list for PBXProject "TC_Tracker_CLI" */ = {
			isa = XCConfigurationList;
			buildConfigurations = (
				79DB6D4A26F0A3530097DCC2 /* Debug */,
				79DB6D4B26F0A3530097DCC2 /* Release */,
			);
			defaultConfigurationIsVisible = 0;
			defaultConfigurationName = Release;
		};
		79DB6D4C26F0A3530097DCC2 /* Build configuration list for PBXNativeTarget "TC_Tracker_CLI" */ = {
			isa = XCConfigurationList;
			buildConfigurations = (
				79DB6D4D26F0A3530097DCC2 /* Debug */,
				79DB6D4E26F0A3530097DCC2 /* Release */,
			);
			defaultConfigurationIsVisible = 0;
			defaultConfigurationName = Release;
		};
/* End XCConfigurationList section */
	};
	rootObject = 79DB6D3D26F0A3530097DCC2 /* Project object */;
}
