// !$*UTF8*$!
{
	archiveVersion = 1;
	classes = {
	};
	objectVersion = 50;
	objects = {

/* Begin PBXBuildFile section */
		7957EA6C26F3980400305982 /* myMap.dat in Copy Files */ = {isa = PBXBuildFile; fileRef = 7957EA6B26F3980400305982 /* myMap.dat */; };
		799923662743F4FC00191008 /* TCsP.pb.cc in Sources */ = {isa = PBXBuildFile; fileRef = 799923652743F4FC00191008 /* TCsP.pb.cc */; };
		79A4884D2719BA4600D4BA02 /* VortexesDumper.cpp in Sources */ = {isa = PBXBuildFile; fileRef = 79A4884C2719BA4600D4BA02 /* VortexesDumper.cpp */; };
		79AC0E552893A0AB00C0B7DA /* NCFileInfo.cpp in Sources */ = {isa = PBXBuildFile; fileRef = 79AC0E542893A0AB00C0B7DA /* NCFileInfo.cpp */; };
		79AC0E572893A0EA00C0B7DA /* Processor.cpp in Sources */ = {isa = PBXBuildFile; fileRef = 79AC0E562893A0EA00C0B7DA /* Processor.cpp */; };
		79AC0E5D2893A13B00C0B7DA /* dmapgci.cpp in Sources */ = {isa = PBXBuildFile; fileRef = 79AC0E592893A13B00C0B7DA /* dmapgci.cpp */; };
		79AC0E5E2893A13B00C0B7DA /* linmsg_dp.cpp in Sources */ = {isa = PBXBuildFile; fileRef = 79AC0E5A2893A13B00C0B7DA /* linmsg_dp.cpp */; };
		79AC0E5F2893A13B00C0B7DA /* linint2.cpp in Sources */ = {isa = PBXBuildFile; fileRef = 79AC0E5B2893A13B00C0B7DA /* linint2.cpp */; };
		79AC0E602893A13B00C0B7DA /* rcm2rgrid.cpp in Sources */ = {isa = PBXBuildFile; fileRef = 79AC0E5C2893A13B00C0B7DA /* rcm2rgrid.cpp */; };
		79AC0E6E2893BF2400C0B7DA /* libboost_filesystem.dylib in Frameworks */ = {isa = PBXBuildFile; fileRef = 79AC0E6D2893BF2400C0B7DA /* libboost_filesystem.dylib */; };
		79AC0E702893BF3000C0B7DA /* libboost_serialization.dylib in Frameworks */ = {isa = PBXBuildFile; fileRef = 79AC0E6F2893BF3000C0B7DA /* libboost_serialization.dylib */; };
		79AC0E722893BF3B00C0B7DA /* libprotobuf.dylib in Frameworks */ = {isa = PBXBuildFile; fileRef = 79AC0E712893BF3B00C0B7DA /* libprotobuf.dylib */; };
		79AC0E742893BF4900C0B7DA /* libomp.dylib in Frameworks */ = {isa = PBXBuildFile; fileRef = 79AC0E732893BF4900C0B7DA /* libomp.dylib */; };
		79AC0E762893BF4C00C0B7DA /* libnetcdf-cxx4.dylib in Frameworks */ = {isa = PBXBuildFile; fileRef = 79AC0E752893BF4C00C0B7DA /* libnetcdf-cxx4.dylib */; };
		79AC0E782893BF9F00C0B7DA /* uv2vr_cfd.cpp in Sources */ = {isa = PBXBuildFile; fileRef = 79AC0E772893BF9F00C0B7DA /* uv2vr_cfd.cpp */; };
		79DB6D4926F0A3530097DCC2 /* main.cpp in Sources */ = {isa = PBXBuildFile; fileRef = 79DB6D4826F0A3530097DCC2 /* main.cpp */; };
		79DB6D5926F0A6A70097DCC2 /* TC1Time.cpp in Sources */ = {isa = PBXBuildFile; fileRef = 79DB6D5526F0A6A70097DCC2 /* TC1Time.cpp */; };
		79DB6D5A26F0A6A70097DCC2 /* Utils.cpp in Sources */ = {isa = PBXBuildFile; fileRef = 79DB6D5626F0A6A70097DCC2 /* Utils.cpp */; };
		79DB6D5B26F0A6A70097DCC2 /* Typhoon.cpp in Sources */ = {isa = PBXBuildFile; fileRef = 79DB6D5726F0A6A70097DCC2 /* Typhoon.cpp */; };
/* End PBXBuildFile section */

/* Begin PBXCopyFilesBuildPhase section */
		79DB6D4326F0A3530097DCC2 /* Copy Files */ = {
			isa = PBXCopyFilesBuildPhase;
			buildActionMask = 12;
			dstPath = data;
			dstSubfolderSpec = 6;
			files = (
				7957EA6C26F3980400305982 /* myMap.dat in Copy Files */,
			);
			name = "Copy Files";
			runOnlyForDeploymentPostprocessing = 0;
		};
/* End PBXCopyFilesBuildPhase section */

/* Begin PBXFileReference section */
		7922B26B26FDD1B3002AE343 /* libomp.a */ = {isa = PBXFileReference; lastKnownFileType = archive.ar; name = libomp.a; path = ../../../../../../../../../../opt/homebrew/Cellar/libomp/12.0.1/lib/libomp.a; sourceTree = "<group>"; };
		792CD4E626F61A3B0036E762 /* multiArray.h */ = {isa = PBXFileReference; fileEncoding = 4; lastKnownFileType = sourcecode.c.h; name = multiArray.h; path = ../../core/include/multiArray.h; sourceTree = "<group>"; };
		7957EA6B26F3980400305982 /* myMap.dat */ = {isa = PBXFileReference; lastKnownFileType = file; name = myMap.dat; path = ../../../../data/myMap/myMap.dat; sourceTree = "<group>"; };
		799923652743F4FC00191008 /* TCsP.pb.cc */ = {isa = PBXFileReference; fileEncoding = 4; lastKnownFileType = sourcecode.cpp.cpp; name = TCsP.pb.cc; path = ../../../../../../../../myWork/TC_Tracker_Supplementary/code/proto3/Typhoon/TCsP.pb.cc; sourceTree = "<group>"; };
		799923672743F53400191008 /* libprotobuf.a */ = {isa = PBXFileReference; lastKnownFileType = archive.ar; name = libprotobuf.a; path = ../../../../../../../../../../opt/homebrew/lib/libprotobuf.a; sourceTree = "<group>"; };
		79A4884B2719BA1700D4BA02 /* VortexesDumper.h */ = {isa = PBXFileReference; lastKnownFileType = sourcecode.c.h; name = VortexesDumper.h; path = ../../core/include/VortexesDumper.h; sourceTree = "<group>"; };
		79A4884C2719BA4600D4BA02 /* VortexesDumper.cpp */ = {isa = PBXFileReference; lastKnownFileType = sourcecode.cpp.cpp; name = VortexesDumper.cpp; path = ../../core/src/VortexesDumper.cpp; sourceTree = "<group>"; };
		79AC0E542893A0AB00C0B7DA /* NCFileInfo.cpp */ = {isa = PBXFileReference; fileEncoding = 4; lastKnownFileType = sourcecode.cpp.cpp; name = NCFileInfo.cpp; path = ../../core/src/NCFileInfo.cpp; sourceTree = "<group>"; };
		79AC0E562893A0EA00C0B7DA /* Processor.cpp */ = {isa = PBXFileReference; fileEncoding = 4; lastKnownFileType = sourcecode.cpp.cpp; name = Processor.cpp; path = ../../core/src/Processor.cpp; sourceTree = "<group>"; };
		79AC0E592893A13B00C0B7DA /* dmapgci.cpp */ = {isa = PBXFileReference; fileEncoding = 4; lastKnownFileType = sourcecode.cpp.cpp; name = dmapgci.cpp; path = ../../../../../../NCL_func_cxx/src/dmapgci.cpp; sourceTree = "<group>"; };
		79AC0E5A2893A13B00C0B7DA /* linmsg_dp.cpp */ = {isa = PBXFileReference; fileEncoding = 4; lastKnownFileType = sourcecode.cpp.cpp; name = linmsg_dp.cpp; path = ../../../../../../NCL_func_cxx/src/linmsg_dp.cpp; sourceTree = "<group>"; };
		79AC0E5B2893A13B00C0B7DA /* linint2.cpp */ = {isa = PBXFileReference; fileEncoding = 4; lastKnownFileType = sourcecode.cpp.cpp; name = linint2.cpp; path = ../../../../../../NCL_func_cxx/src/linint2.cpp; sourceTree = "<group>"; };
		79AC0E5C2893A13B00C0B7DA /* rcm2rgrid.cpp */ = {isa = PBXFileReference; fileEncoding = 4; lastKnownFileType = sourcecode.cpp.cpp; name = rcm2rgrid.cpp; path = ../../../../../../NCL_func_cxx/src/rcm2rgrid.cpp; sourceTree = "<group>"; };
		79AC0E612893A16E00C0B7DA /* json.hpp */ = {isa = PBXFileReference; fileEncoding = 4; lastKnownFileType = sourcecode.cpp.h; name = json.hpp; path = ../../core/include/json.hpp; sourceTree = "<group>"; };
		79AC0E632893A1BA00C0B7DA /* linint2.h */ = {isa = PBXFileReference; fileEncoding = 4; lastKnownFileType = sourcecode.c.h; name = linint2.h; path = ../../../../../../NCL_func_cxx/include/linint2.h; sourceTree = "<group>"; };
		79AC0E642893A1BA00C0B7DA /* linmsg_dp.h */ = {isa = PBXFileReference; fileEncoding = 4; lastKnownFileType = sourcecode.c.h; name = linmsg_dp.h; path = ../../../../../../NCL_func_cxx/include/linmsg_dp.h; sourceTree = "<group>"; };
		79AC0E652893A1BA00C0B7DA /* rcm2rgrid.h */ = {isa = PBXFileReference; fileEncoding = 4; lastKnownFileType = sourcecode.c.h; name = rcm2rgrid.h; path = ../../../../../../NCL_func_cxx/include/rcm2rgrid.h; sourceTree = "<group>"; };
		79AC0E662893A1BA00C0B7DA /* dmapgci.h */ = {isa = PBXFileReference; fileEncoding = 4; lastKnownFileType = sourcecode.c.h; name = dmapgci.h; path = ../../../../../../NCL_func_cxx/include/dmapgci.h; sourceTree = "<group>"; };
		79AC0E672893A1D500C0B7DA /* uv2vr_cfd.h */ = {isa = PBXFileReference; fileEncoding = 4; lastKnownFileType = sourcecode.c.h; name = uv2vr_cfd.h; path = ../../core/include/uv2vr_cfd.h; sourceTree = "<group>"; };
		79AC0E682893A1E900C0B7DA /* Utils.h */ = {isa = PBXFileReference; fileEncoding = 4; lastKnownFileType = sourcecode.c.h; name = Utils.h; path = ../../core/include/Utils.h; sourceTree = "<group>"; };
		79AC0E692893A1FA00C0B7DA /* Processor.h */ = {isa = PBXFileReference; fileEncoding = 4; lastKnownFileType = sourcecode.c.h; name = Processor.h; path = ../../core/include/Processor.h; sourceTree = "<group>"; };
		79AC0E6A2893A21C00C0B7DA /* TCsP.pb.h */ = {isa = PBXFileReference; fileEncoding = 4; lastKnownFileType = sourcecode.c.h; name = TCsP.pb.h; path = ../../../../../../../../myWork/TC_Tracker_Supplementary/code/proto3/Typhoon/TCsP.pb.h; sourceTree = "<group>"; };
		79AC0E6B2893A23300C0B7DA /* TCInfo.h */ = {isa = PBXFileReference; fileEncoding = 4; lastKnownFileType = sourcecode.c.h; name = TCInfo.h; path = ../../core/include/TCInfo.h; sourceTree = "<group>"; };
		79AC0E6C2893A24300C0B7DA /* NCFileInfo.h */ = {isa = PBXFileReference; fileEncoding = 4; lastKnownFileType = sourcecode.c.h; name = NCFileInfo.h; path = ../../core/include/NCFileInfo.h; sourceTree = "<group>"; };
		79AC0E6D2893BF2400C0B7DA /* libboost_filesystem.dylib */ = {isa = PBXFileReference; lastKnownFileType = "compiled.mach-o.dylib"; name = libboost_filesystem.dylib; path = ../../../../../../../../../../opt/homebrew/lib/libboost_filesystem.dylib; sourceTree = "<group>"; };
		79AC0E6F2893BF3000C0B7DA /* libboost_serialization.dylib */ = {isa = PBXFileReference; lastKnownFileType = "compiled.mach-o.dylib"; name = libboost_serialization.dylib; path = ../../../../../../../../../../opt/homebrew/lib/libboost_serialization.dylib; sourceTree = "<group>"; };
		79AC0E712893BF3B00C0B7DA /* libprotobuf.dylib */ = {isa = PBXFileReference; lastKnownFileType = "compiled.mach-o.dylib"; name = libprotobuf.dylib; path = ../../../../../../../../../../opt/homebrew/lib/libprotobuf.dylib; sourceTree = "<group>"; };
		79AC0E732893BF4900C0B7DA /* libomp.dylib */ = {isa = PBXFileReference; lastKnownFileType = "compiled.mach-o.dylib"; name = libomp.dylib; path = ../../../../../../../../../../opt/homebrew/lib/libomp.dylib; sourceTree = "<group>"; };
		79AC0E752893BF4C00C0B7DA /* libnetcdf-cxx4.dylib */ = {isa = PBXFileReference; lastKnownFileType = "compiled.mach-o.dylib"; name = "libnetcdf-cxx4.dylib"; path = "../../../../../../../../../../opt/homebrew/lib/libnetcdf-cxx4.dylib"; sourceTree = "<group>"; };
		79AC0E772893BF9F00C0B7DA /* uv2vr_cfd.cpp */ = {isa = PBXFileReference; fileEncoding = 4; lastKnownFileType = sourcecode.cpp.cpp; name = uv2vr_cfd.cpp; path = ../../core/src/uv2vr_cfd.cpp; sourceTree = "<group>"; };
		79DB6D4526F0A3530097DCC2 /* TC_Tracker_CLI */ = {isa = PBXFileReference; explicitFileType = "compiled.mach-o.executable"; includeInIndex = 0; path = TC_Tracker_CLI; sourceTree = BUILT_PRODUCTS_DIR; };
		79DB6D4826F0A3530097DCC2 /* main.cpp */ = {isa = PBXFileReference; lastKnownFileType = sourcecode.cpp.cpp; path = main.cpp; sourceTree = "<group>"; };
		79DB6D5026F0A6540097DCC2 /* Typhoon.h */ = {isa = PBXFileReference; fileEncoding = 4; lastKnownFileType = sourcecode.c.h; name = Typhoon.h; path = ../../core/include/Typhoon.h; sourceTree = "<group>"; };
		79DB6D5226F0A6540097DCC2 /* TC1Time.h */ = {isa = PBXFileReference; fileEncoding = 4; lastKnownFileType = sourcecode.c.h; name = TC1Time.h; path = ../../core/include/TC1Time.h; sourceTree = "<group>"; };
		79DB6D5526F0A6A70097DCC2 /* TC1Time.cpp */ = {isa = PBXFileReference; fileEncoding = 4; lastKnownFileType = sourcecode.cpp.cpp; name = TC1Time.cpp; path = ../../core/src/TC1Time.cpp; sourceTree = "<group>"; };
		79DB6D5626F0A6A70097DCC2 /* Utils.cpp */ = {isa = PBXFileReference; fileEncoding = 4; lastKnownFileType = sourcecode.cpp.cpp; name = Utils.cpp; path = ../../core/src/Utils.cpp; sourceTree = "<group>"; };
		79DB6D5726F0A6A70097DCC2 /* Typhoon.cpp */ = {isa = PBXFileReference; fileEncoding = 4; lastKnownFileType = sourcecode.cpp.cpp; name = Typhoon.cpp; path = ../../core/src/Typhoon.cpp; sourceTree = "<group>"; };
		79DB6D5D26F0A7200097DCC2 /* cxxopts.hpp */ = {isa = PBXFileReference; fileEncoding = 4; lastKnownFileType = sourcecode.cpp.h; path = cxxopts.hpp; sourceTree = "<group>"; };
		79DB6D5F26F0AC090097DCC2 /* libnetcdf-cxx4.a */ = {isa = PBXFileReference; lastKnownFileType = archive.ar; name = "libnetcdf-cxx4.a"; path = "../../../../../../../../../../opt/homebrew/lib/libnetcdf-cxx4.a"; sourceTree = "<group>"; };
		79DB6D6126F0AC120097DCC2 /* libnetcdf.a */ = {isa = PBXFileReference; lastKnownFileType = archive.ar; name = libnetcdf.a; path = ../../../../../../../../../../opt/homebrew/lib/libnetcdf.a; sourceTree = "<group>"; };
		79DB6D6326F0ACE30097DCC2 /* libboost_serialization.a */ = {isa = PBXFileReference; lastKnownFileType = archive.ar; name = libboost_serialization.a; path = ../../../../../../../../../../opt/homebrew/Cellar/boost/1.76.0/lib/libboost_serialization.a; sourceTree = "<group>"; };
		79DB6D6526F0AD4C0097DCC2 /* libboost_filesystem.a */ = {isa = PBXFileReference; lastKnownFileType = archive.ar; name = libboost_filesystem.a; path = ../../../../../../../../../../opt/homebrew/Cellar/boost/1.76.0/lib/libboost_filesystem.a; sourceTree = "<group>"; };
		79F9D43826F32E5B00F75059 /* libboost_program_options.a */ = {isa = PBXFileReference; lastKnownFileType = archive.ar; name = libboost_program_options.a; path = ../../../../../../../../../../opt/homebrew/Cellar/boost/1.76.0/lib/libboost_program_options.a; sourceTree = "<group>"; };
/* End PBXFileReference section */

/* Begin PBXFrameworksBuildPhase section */
		79DB6D4226F0A3530097DCC2 /* Frameworks */ = {
			isa = PBXFrameworksBuildPhase;
			buildActionMask = 2147483647;
			files = (
				79AC0E762893BF4C00C0B7DA /* libnetcdf-cxx4.dylib in Frameworks */,
				79AC0E742893BF4900C0B7DA /* libomp.dylib in Frameworks */,
				79AC0E722893BF3B00C0B7DA /* libprotobuf.dylib in Frameworks */,
				79AC0E702893BF3000C0B7DA /* libboost_serialization.dylib in Frameworks */,
				79AC0E6E2893BF2400C0B7DA /* libboost_filesystem.dylib in Frameworks */,
			);
			runOnlyForDeploymentPostprocessing = 0;
		};
/* End PBXFrameworksBuildPhase section */

/* Begin PBXGroup section */
		790AE2B126F73027007A6408 /* TCStruct */ = {
			isa = PBXGroup;
			children = (
				79AC0E6B2893A23300C0B7DA /* TCInfo.h */,
				79AC0E6A2893A21C00C0B7DA /* TCsP.pb.h */,
				792CD4E626F61A3B0036E762 /* multiArray.h */,
				79DB6D5226F0A6540097DCC2 /* TC1Time.h */,
				79DB6D5026F0A6540097DCC2 /* Typhoon.h */,
			);
			name = TCStruct;
			sourceTree = "<group>";
		};
		790AE2B226F73178007A6408 /* TCStruct */ = {
			isa = PBXGroup;
			children = (
				799923652743F4FC00191008 /* TCsP.pb.cc */,
				79DB6D5726F0A6A70097DCC2 /* Typhoon.cpp */,
				79DB6D5526F0A6A70097DCC2 /* TC1Time.cpp */,
			);
			name = TCStruct;
			sourceTree = "<group>";
		};
		792CD4E326F5D2640036E762 /* 3rdPartyLib */ = {
			isa = PBXGroup;
			children = (
				79AC0E612893A16E00C0B7DA /* json.hpp */,
				79DB6D5D26F0A7200097DCC2 /* cxxopts.hpp */,
			);
			name = 3rdPartyLib;
			sourceTree = "<group>";
		};
		79AC0E582893A10D00C0B7DA /* ncl_cxx */ = {
			isa = PBXGroup;
			children = (
				79AC0E592893A13B00C0B7DA /* dmapgci.cpp */,
				79AC0E5B2893A13B00C0B7DA /* linint2.cpp */,
				79AC0E5A2893A13B00C0B7DA /* linmsg_dp.cpp */,
				79AC0E5C2893A13B00C0B7DA /* rcm2rgrid.cpp */,
			);
			name = ncl_cxx;
			sourceTree = "<group>";
		};
		79AC0E622893A19300C0B7DA /* ncl_cxx */ = {
			isa = PBXGroup;
			children = (
				79AC0E662893A1BA00C0B7DA /* dmapgci.h */,
				79AC0E632893A1BA00C0B7DA /* linint2.h */,
				79AC0E642893A1BA00C0B7DA /* linmsg_dp.h */,
				79AC0E652893A1BA00C0B7DA /* rcm2rgrid.h */,
			);
			name = ncl_cxx;
			sourceTree = "<group>";
		};
		79DB6D3C26F0A3530097DCC2 = {
			isa = PBXGroup;
			children = (
				7957EA6B26F3980400305982 /* myMap.dat */,
				79DB6D4726F0A3530097DCC2 /* TC_Tracker_CLI */,
				79DB6D4626F0A3530097DCC2 /* Products */,
				79DB6D5E26F0AC090097DCC2 /* Frameworks */,
			);
			sourceTree = "<group>";
		};
		79DB6D4626F0A3530097DCC2 /* Products */ = {
			isa = PBXGroup;
			children = (
				79DB6D4526F0A3530097DCC2 /* TC_Tracker_CLI */,
			);
			name = Products;
			sourceTree = "<group>";
		};
		79DB6D4726F0A3530097DCC2 /* TC_Tracker_CLI */ = {
			isa = PBXGroup;
			children = (
				79DB6D4F26F0A5EC0097DCC2 /* include */,
				79DB6D5426F0A6860097DCC2 /* src */,
				79DB6D4826F0A3530097DCC2 /* main.cpp */,
			);
			path = TC_Tracker_CLI;
			sourceTree = "<group>";
		};
		79DB6D4F26F0A5EC0097DCC2 /* include */ = {
			isa = PBXGroup;
			children = (
				79AC0E6C2893A24300C0B7DA /* NCFileInfo.h */,
				792CD4E326F5D2640036E762 /* 3rdPartyLib */,
				790AE2B126F73027007A6408 /* TCStruct */,
				79F9D43B26F374F900F75059 /* Calculator */,
			);
			name = include;
			sourceTree = "<group>";
		};
		79DB6D5426F0A6860097DCC2 /* src */ = {
			isa = PBXGroup;
			children = (
				79AC0E542893A0AB00C0B7DA /* NCFileInfo.cpp */,
				790AE2B226F73178007A6408 /* TCStruct */,
				79F9D43C26F3750600F75059 /* Calculator */,
			);
			name = src;
			sourceTree = "<group>";
		};
		79DB6D5E26F0AC090097DCC2 /* Frameworks */ = {
			isa = PBXGroup;
			children = (
				79AC0E752893BF4C00C0B7DA /* libnetcdf-cxx4.dylib */,
				79AC0E732893BF4900C0B7DA /* libomp.dylib */,
				79AC0E712893BF3B00C0B7DA /* libprotobuf.dylib */,
				79AC0E6F2893BF3000C0B7DA /* libboost_serialization.dylib */,
				79AC0E6D2893BF2400C0B7DA /* libboost_filesystem.dylib */,
				799923672743F53400191008 /* libprotobuf.a */,
				7922B26B26FDD1B3002AE343 /* libomp.a */,
				79F9D43826F32E5B00F75059 /* libboost_program_options.a */,
				79DB6D6526F0AD4C0097DCC2 /* libboost_filesystem.a */,
				79DB6D6326F0ACE30097DCC2 /* libboost_serialization.a */,
				79DB6D6126F0AC120097DCC2 /* libnetcdf.a */,
				79DB6D5F26F0AC090097DCC2 /* libnetcdf-cxx4.a */,
			);
			name = Frameworks;
			sourceTree = "<group>";
		};
		79F9D43B26F374F900F75059 /* Calculator */ = {
			isa = PBXGroup;
			children = (
				79AC0E622893A19300C0B7DA /* ncl_cxx */,
				79AC0E672893A1D500C0B7DA /* uv2vr_cfd.h */,
				79AC0E682893A1E900C0B7DA /* Utils.h */,
				79AC0E692893A1FA00C0B7DA /* Processor.h */,
				79A4884B2719BA1700D4BA02 /* VortexesDumper.h */,
			);
			name = Calculator;
			sourceTree = "<group>";
		};
		79F9D43C26F3750600F75059 /* Calculator */ = {
			isa = PBXGroup;
			children = (
				79AC0E582893A10D00C0B7DA /* ncl_cxx */,
				79AC0E562893A0EA00C0B7DA /* Processor.cpp */,
				79AC0E772893BF9F00C0B7DA /* uv2vr_cfd.cpp */,
				79DB6D5626F0A6A70097DCC2 /* Utils.cpp */,
				79A4884C2719BA4600D4BA02 /* VortexesDumper.cpp */,
			);
			name = Calculator;
			sourceTree = "<group>";
		};
/* End PBXGroup section */

/* Begin PBXNativeTarget section */
		79DB6D4426F0A3530097DCC2 /* TC_Tracker_CLI */ = {
			isa = PBXNativeTarget;
			buildConfigurationList = 79DB6D4C26F0A3530097DCC2 /* Build configuration list for PBXNativeTarget "TC_Tracker_CLI" */;
			buildPhases = (
				79DB6D4126F0A3530097DCC2 /* Sources */,
				79DB6D4226F0A3530097DCC2 /* Frameworks */,
				79DB6D4326F0A3530097DCC2 /* Copy Files */,
			);
			buildRules = (
			);
			dependencies = (
			);
			name = TC_Tracker_CLI;
			productName = TC_Tracker_CLI;
			productReference = 79DB6D4526F0A3530097DCC2 /* TC_Tracker_CLI */;
			productType = "com.apple.product-type.tool";
		};
/* End PBXNativeTarget section */

/* Begin PBXProject section */
		79DB6D3D26F0A3530097DCC2 /* Project object */ = {
			isa = PBXProject;
			attributes = {
				LastUpgradeCheck = 1250;
				TargetAttributes = {
					79DB6D4426F0A3530097DCC2 = {
						CreatedOnToolsVersion = 12.5.1;
					};
				};
			};
			buildConfigurationList = 79DB6D4026F0A3530097DCC2 /* Build configuration list for PBXProject "TC_Tracker_CLI" */;
			compatibilityVersion = "Xcode 9.3";
			developmentRegion = en;
			hasScannedForEncodings = 0;
			knownRegions = (
				en,
				Base,
			);
			mainGroup = 79DB6D3C26F0A3530097DCC2;
			productRefGroup = 79DB6D4626F0A3530097DCC2 /* Products */;
			projectDirPath = "";
			projectRoot = "";
			targets = (
				79DB6D4426F0A3530097DCC2 /* TC_Tracker_CLI */,
			);
		};
/* End PBXProject section */

/* Begin PBXSourcesBuildPhase section */
		79DB6D4126F0A3530097DCC2 /* Sources */ = {
			isa = PBXSourcesBuildPhase;
			buildActionMask = 2147483647;
			files = (
				79AC0E552893A0AB00C0B7DA /* NCFileInfo.cpp in Sources */,
				79AC0E782893BF9F00C0B7DA /* uv2vr_cfd.cpp in Sources */,
				79AC0E5D2893A13B00C0B7DA /* dmapgci.cpp in Sources */,
				799923662743F4FC00191008 /* TCsP.pb.cc in Sources */,
				79DB6D4926F0A3530097DCC2 /* main.cpp in Sources */,
				79DB6D5B26F0A6A70097DCC2 /* Typhoon.cpp in Sources */,
				79DB6D5A26F0A6A70097DCC2 /* Utils.cpp in Sources */,
				79A4884D2719BA4600D4BA02 /* VortexesDumper.cpp in Sources */,
				79DB6D5926F0A6A70097DCC2 /* TC1Time.cpp in Sources */,
				79AC0E572893A0EA00C0B7DA /* Processor.cpp in Sources */,
				79AC0E5F2893A13B00C0B7DA /* linint2.cpp in Sources */,
				79AC0E602893A13B00C0B7DA /* rcm2rgrid.cpp in Sources */,
				79AC0E5E2893A13B00C0B7DA /* linmsg_dp.cpp in Sources */,
			);
			runOnlyForDeploymentPostprocessing = 0;
		};
/* End PBXSourcesBuildPhase section */

/* Begin XCBuildConfiguration section */
		79DB6D4A26F0A3530097DCC2 /* Debug */ = {
			isa = XCBuildConfiguration;
			buildSettings = {
				ALWAYS_SEARCH_USER_PATHS = NO;
				CLANG_ANALYZER_NONNULL = YES;
				CLANG_ANALYZER_NUMBER_OBJECT_CONVERSION = YES_AGGRESSIVE;
				CLANG_CXX_LANGUAGE_STANDARD = "gnu++14";
				CLANG_CXX_LIBRARY = "libc++";
				CLANG_ENABLE_MODULES = YES;
				CLANG_ENABLE_OBJC_ARC = YES;
				CLANG_ENABLE_OBJC_WEAK = YES;
				CLANG_WARN_BLOCK_CAPTURE_AUTORELEASING = YES;
				CLANG_WARN_BOOL_CONVERSION = YES;
				CLANG_WARN_COMMA = YES;
				CLANG_WARN_CONSTANT_CONVERSION = YES;
				CLANG_WARN_DEPRECATED_OBJC_IMPLEMENTATIONS = YES;
				CLANG_WARN_DIRECT_OBJC_ISA_USAGE = YES_ERROR;
				CLANG_WARN_DOCUMENTATION_COMMENTS = YES;
				CLANG_WARN_EMPTY_BODY = YES;
				CLANG_WARN_ENUM_CONVERSION = YES;
				CLANG_WARN_INFINITE_RECURSION = YES;
				CLANG_WARN_INT_CONVERSION = YES;
				CLANG_WARN_NON_LITERAL_NULL_CONVERSION = YES;
				CLANG_WARN_OBJC_IMPLICIT_RETAIN_SELF = YES;
				CLANG_WARN_OBJC_LITERAL_CONVERSION = YES;
				CLANG_WARN_OBJC_ROOT_CLASS = YES_ERROR;
				CLANG_WARN_QUOTED_INCLUDE_IN_FRAMEWORK_HEADER = YES;
				CLANG_WARN_RANGE_LOOP_ANALYSIS = YES;
				CLANG_WARN_STRICT_PROTOTYPES = YES;
				CLANG_WARN_SUSPICIOUS_MOVE = YES;
				CLANG_WARN_UNGUARDED_AVAILABILITY = YES_AGGRESSIVE;
				CLANG_WARN_UNREACHABLE_CODE = YES;
				CLANG_WARN__DUPLICATE_METHOD_MATCH = YES;
				COPY_PHASE_STRIP = NO;
				DEBUG_INFORMATION_FORMAT = dwarf;
				ENABLE_STRICT_OBJC_MSGSEND = YES;
				ENABLE_TESTABILITY = YES;
				GCC_C_LANGUAGE_STANDARD = gnu11;
				GCC_DYNAMIC_NO_PIC = NO;
				GCC_NO_COMMON_BLOCKS = YES;
				GCC_OPTIMIZATION_LEVEL = 0;
				GCC_PREPROCESSOR_DEFINITIONS = (
					"DEBUG=1",
					"$(inherited)",
				);
				GCC_WARN_64_TO_32_BIT_CONVERSION = YES;
				GCC_WARN_ABOUT_RETURN_TYPE = YES_ERROR;
				GCC_WARN_UNDECLARED_SELECTOR = YES;
				GCC_WARN_UNINITIALIZED_AUTOS = YES_AGGRESSIVE;
				GCC_WARN_UNUSED_FUNCTION = YES;
				GCC_WARN_UNUSED_VARIABLE = YES;
				MACOSX_DEPLOYMENT_TARGET = 11.3;
				MTL_ENABLE_DEBUG_INFO = INCLUDE_SOURCE;
				MTL_FAST_MATH = YES;
				ONLY_ACTIVE_ARCH = YES;
				SDKROOT = macosx;
			};
			name = Debug;
		};
		79DB6D4B26F0A3530097DCC2 /* Release */ = {
			isa = XCBuildConfiguration;
			buildSettings = {
				ALWAYS_SEARCH_USER_PATHS = NO;
				CLANG_ANALYZER_NONNULL = YES;
				CLANG_ANALYZER_NUMBER_OBJECT_CONVERSION = YES_AGGRESSIVE;
				CLANG_CXX_LANGUAGE_STANDARD = "gnu++14";
				CLANG_CXX_LIBRARY = "libc++";
				CLANG_ENABLE_MODULES = YES;
				CLANG_ENABLE_OBJC_ARC = YES;
				CLANG_ENABLE_OBJC_WEAK = YES;
				CLANG_WARN_BLOCK_CAPTURE_AUTORELEASING = YES;
				CLANG_WARN_BOOL_CONVERSION = YES;
				CLANG_WARN_COMMA = YES;
				CLANG_WARN_CONSTANT_CONVERSION = YES;
				CLANG_WARN_DEPRECATED_OBJC_IMPLEMENTATIONS = YES;
				CLANG_WARN_DIRECT_OBJC_ISA_USAGE = YES_ERROR;
				CLANG_WARN_DOCUMENTATION_COMMENTS = YES;
				CLANG_WARN_EMPTY_BODY = YES;
				CLANG_WARN_ENUM_CONVERSION = YES;
				CLANG_WARN_INFINITE_RECURSION = YES;
				CLANG_WARN_INT_CONVERSION = YES;
				CLANG_WARN_NON_LITERAL_NULL_CONVERSION = YES;
				CLANG_WARN_OBJC_IMPLICIT_RETAIN_SELF = YES;
				CLANG_WARN_OBJC_LITERAL_CONVERSION = YES;
				CLANG_WARN_OBJC_ROOT_CLASS = YES_ERROR;
				CLANG_WARN_QUOTED_INCLUDE_IN_FRAMEWORK_HEADER = YES;
				CLANG_WARN_RANGE_LOOP_ANALYSIS = YES;
				CLANG_WARN_STRICT_PROTOTYPES = YES;
				CLANG_WARN_SUSPICIOUS_MOVE = YES;
				CLANG_WARN_UNGUARDED_AVAILABILITY = YES_AGGRESSIVE;
				CLANG_WARN_UNREACHABLE_CODE = YES;
				CLANG_WARN__DUPLICATE_METHOD_MATCH = YES;
				COPY_PHASE_STRIP = NO;
				DEBUG_INFORMATION_FORMAT = "dwarf-with-dsym";
				ENABLE_NS_ASSERTIONS = NO;
				ENABLE_STRICT_OBJC_MSGSEND = YES;
				GCC_C_LANGUAGE_STANDARD = gnu11;
				GCC_NO_COMMON_BLOCKS = YES;
				GCC_WARN_64_TO_32_BIT_CONVERSION = YES;
				GCC_WARN_ABOUT_RETURN_TYPE = YES_ERROR;
				GCC_WARN_UNDECLARED_SELECTOR = YES;
				GCC_WARN_UNINITIALIZED_AUTOS = YES_AGGRESSIVE;
				GCC_WARN_UNUSED_FUNCTION = YES;
				GCC_WARN_UNUSED_VARIABLE = YES;
				MACOSX_DEPLOYMENT_TARGET = 11.3;
				MTL_ENABLE_DEBUG_INFO = NO;
				MTL_FAST_MATH = YES;
				ONLY_ACTIVE_ARCH = YES;
				SDKROOT = macosx;
			};
			name = Release;
		};
		79DB6D4D26F0A3530097DCC2 /* Debug */ = {
			isa = XCBuildConfiguration;
			buildSettings = {
				CLANG_CXX_LANGUAGE_STANDARD = "gnu++17";
				CODE_SIGN_STYLE = Automatic;
				HEADER_SEARCH_PATHS = (
					/Users/richard/Documents/p_learn/cpp_learn/TC_Tracker/code/projects/TC_Tracker/core/include,
					/opt/homebrew/include,
					/opt/homebrew/Cellar/boost/1.76.0/include,
					/Users/richard/Documents/myWork/TC_Tracker_Supplementary/code/proto3/Typhoon,
					/Users/richard/Documents/myWork/TC_Tracker_Supplementary/code/regrid/linint2_cxx/linint2_cxx,
				);
				LIBRARY_SEARCH_PATHS = (
					/opt/homebrew/lib,
					/opt/homebrew/Cellar/boost/1.76.0/lib,
					/opt/homebrew/Cellar/libomp/12.0.1/lib,
				);
				OTHER_CFLAGS = (
					"-Xpreprocessor",
					"-fopenmp",
				);
				PRODUCT_NAME = "$(TARGET_NAME)";
			};
			name = Debug;
		};
		79DB6D4E26F0A3530097DCC2 /* Release */ = {
			isa = XCBuildConfiguration;
			buildSettings = {
				CLANG_CXX_LANGUAGE_STANDARD = "gnu++17";
				CODE_SIGN_STYLE = Automatic;
				HEADER_SEARCH_PATHS = (
					/Users/richard/Documents/p_learn/cpp_learn/TC_Tracker/code/projects/TC_Tracker/core/include,
					/opt/homebrew/include,
					/opt/homebrew/Cellar/boost/1.76.0/include,
					/Users/richard/Documents/myWork/TC_Tracker_Supplementary/code/proto3/Typhoon,
					/Users/richard/Documents/myWork/TC_Tracker_Supplementary/code/regrid/linint2_cxx/linint2_cxx,
				);
				LIBRARY_SEARCH_PATHS = (
					/opt/homebrew/lib,
					/opt/homebrew/Cellar/boost/1.76.0/lib,
					/opt/homebrew/Cellar/libomp/12.0.1/lib,
				);
				OTHER_CFLAGS = (
					"-Xpreprocessor",
					"-fopenmp",
				);
				PRODUCT_NAME = "$(TARGET_NAME)";
			};
			name = Release;
		};
/* End XCBuildConfiguration section */

/* Begin XCConfigurationList section */
		79DB6D4026F0A3530097DCC2 /* Build configuration list for PBXProject "TC_Tracker_CLI" */ = {
			isa = XCConfigurationList;
			buildConfigurations = (
				79DB6D4A26F0A3530097DCC2 /* Debug */,
				79DB6D4B26F0A3530097DCC2 /* Release */,
			);
			defaultConfigurationIsVisible = 0;
			defaultConfigurationName = Release;
		};
		79DB6D4C26F0A3530097DCC2 /* Build configuration list for PBXNativeTarget "TC_Tracker_CLI" */ = {
			isa = XCConfigurationList;
			buildConfigurations = (
				79DB6D4D26F0A3530097DCC2 /* Debug */,
				79DB6D4E26F0A3530097DCC2 /* Release */,
			);
			defaultConfigurationIsVisible = 0;
			defaultConfigurationName = Release;
		};
/* End XCConfigurationList section */
	};
	rootObject = 79DB6D3D26F0A3530097DCC2 /* Project object */;
}
