<?xml version="1.0" encoding="UTF-8"?>
<Scheme
   LastUpgradeVersion = "1250"
   version = "1.3">
   <BuildAction
      parallelizeBuildables = "YES"
      buildImplicitDependencies = "YES">
      <BuildActionEntries>
         <BuildActionEntry
            buildForTesting = "YES"
            buildForRunning = "YES"
            buildForProfiling = "YES"
            buildForArchiving = "YES"
            buildForAnalyzing = "YES">
            <BuildableReference
               BuildableIdentifier = "primary"
               BlueprintIdentifier = "79DB6D4426F0A3530097DCC2"
               BuildableName = "TC_Tracker_CLI"
               BlueprintName = "TC_Tracker_CLI"
               ReferencedContainer = "container:TC_Tracker_CLI.xcodeproj">
            </BuildableReference>
         </BuildActionEntry>
      </BuildActionEntries>
   </BuildAction>
   <TestAction
      buildConfiguration = "Debug"
      selectedDebuggerIdentifier = "Xcode.DebuggerFoundation.Debugger.LLDB"
      selectedLauncherIdentifier = "Xcode.DebuggerFoundation.Launcher.LLDB"
      shouldUseLaunchSchemeArgsEnv = "YES">
      <Testables>
      </Testables>
   </TestAction>
   <LaunchAction
      buildConfiguration = "Debug"
      selectedDebuggerIdentifier = "Xcode.DebuggerFoundation.Debugger.LLDB"
      selectedLauncherIdentifier = "Xcode.DebuggerFoundation.Launcher.LLDB"
      launchStyle = "0"
      useCustomWorkingDirectory = "NO"
      ignoresPersistentStateOnLaunch = "NO"
      debugDocumentVersioning = "YES"
      debugServiceExtension = "internal"
      allowLocationSimulation = "YES">
      <BuildableProductRunnable
         runnableDebuggingMode = "0">
         <BuildableReference
            BuildableIdentifier = "primary"
            BlueprintIdentifier = "79DB6D4426F0A3530097DCC2"
            BuildableName = "TC_Tracker_CLI"
            BlueprintName = "TC_Tracker_CLI"
            ReferencedContainer = "container:TC_Tracker_CLI.xcodeproj">
         </BuildableReference>
      </BuildableProductRunnable>
      <CommandLineArguments>
         <CommandLineArgument
            argument = "/Users/richard/Documents/p_learn/cpp_learn/TC_Tracker/data/wrf_data/wrfout_d01_2016-10-19_00_00_00_persist_minForVor.nc"
            isEnabled = "NO">
         </CommandLineArgument>
         <CommandLineArgument
            argument = "--thread 4"
            isEnabled = "YES">
         </CommandLineArgument>
         <CommandLineArgument
            argument = "-n time,lat,lon,Vorticity"
            isEnabled = "YES">
         </CommandLineArgument>
         <CommandLineArgument
            argument = "/Users/richard/Documents/p_learn/cpp_learn/TC_Tracker/data/wrf_data/minForVor_track_compact.nc"
            isEnabled = "NO">
         </CommandLineArgument>
         <CommandLineArgument
            argument = "/Users/richard/Documents/p_learn/cpp_learn/TC_Tracker/data/Vorticity_ERA5_hourly_0pt25_1979.nc"
            isEnabled = "NO">
         </CommandLineArgument>
         <CommandLineArgument
            argument = "/Users/richard/Documents/p_learn/cpp_learn/TC_Tracker/data/Vorticity_ERA5_hourly_0pt25_rg_1pt0.nc"
            isEnabled = "YES">
         </CommandLineArgument>
         <CommandLineArgument
            argument = "/Users/richard/Documents/p_learn/cpp_learn/TC_Tracker/data/ERA5_general.nc"
            isEnabled = "YES">
         </CommandLineArgument>
         <CommandLineArgument
            argument = "/Users/richard/Documents/p_learn/cpp_learn/TC_Tracker/data/Vorticity_JRA-55_hourly.nc"
            isEnabled = "NO">
         </CommandLineArgument>
         <CommandLineArgument
            argument = "/Users/richard/Documents/p_learn/cpp_learn/TC_Tracker/data/JRA-55_general.nc"
            isEnabled = "NO">
         </CommandLineArgument>
         <CommandLineArgument
            argument = "/Users/richard/Documents/p_learn/cpp_learn/TC_Tracker/data/Vorticity_JRA-55_hourly_regridded.nc"
            isEnabled = "NO">
         </CommandLineArgument>
         <CommandLineArgument
            argument = "/Users/richard/Documents/p_learn/cpp_learn/TC_Tracker/data/JRA-55_general_regridded.nc"
            isEnabled = "NO">
         </CommandLineArgument>
         <CommandLineArgument
            argument = "-u"
            isEnabled = "NO">
         </CommandLineArgument>
         <CommandLineArgument
            argument = "-z 1"
            isEnabled = "NO">
         </CommandLineArgument>
         <CommandLineArgument
            argument = "-p /Users/richard/Desktop"
            isEnabled = "NO">
         </CommandLineArgument>
      </CommandLineArguments>
   </LaunchAction>
   <ProfileAction
      buildConfiguration = "Release"
      shouldUseLaunchSchemeArgsEnv = "YES"
      savedToolIdentifier = ""
      useCustomWorkingDirectory = "NO"
      debugDocumentVersioning = "YES">
      <BuildableProductRunnable
         runnableDebuggingMode = "0">
         <BuildableReference
            BuildableIdentifier = "primary"
            BlueprintIdentifier = "79DB6D4426F0A3530097DCC2"
            BuildableName = "TC_Tracker_CLI"
            BlueprintName = "TC_Tracker_CLI"
            ReferencedContainer = "container:TC_Tracker_CLI.xcodeproj">
         </BuildableReference>
      </BuildableProductRunnable>
   </ProfileAction>
   <AnalyzeAction
      buildConfiguration = "Debug">
   </AnalyzeAction>
   <ArchiveAction
      buildConfiguration = "Release"
      revealArchiveInOrganizer = "YES">
   </ArchiveAction>
</Scheme>
