// !$*UTF8*$!
{
	archiveVersion = 1;
	classes = {
	};
	objectVersion = 55;
	objects = {

/* Begin PBXBuildFile section */
		791A4DB628716E3200BD6FDE /* ResultViewController.swift in Sources */ = {isa = PBXBuildFile; fileRef = 791A4DB528716E3200BD6FDE /* ResultViewController.swift */; };
		792329542869DD3B009A5E00 /* VarSelectWindowController.swift in Sources */ = {isa = PBXBuildFile; fileRef = 792329532869DD3B009A5E00 /* VarSelectWindowController.swift */; };
		7929A7F72876D60500DB7BB3 /* ProgressViewController.swift in Sources */ = {isa = PBXBuildFile; fileRef = 7929A7F62876D60500DB7BB3 /* ProgressViewController.swift */; };
		794FF9112FA0AA96005C1A47 /* linint2.cpp in Sources */ = {isa = PBXBuildFile; fileRef = 794FF9102FA0AA96005C1A47 /* linint2.cpp */; };
		794FF9132FA0AAA5005C1A47 /* linmsg_dp.cpp in Sources */ = {isa = PBXBuildFile; fileRef = 794FF9122FA0AAA5005C1A47 /* linmsg_dp.cpp */; };
		794FF9152FA0AAB4005C1A47 /* dmapgci.cpp in Sources */ = {isa = PBXBuildFile; fileRef = 794FF9142FA0AAB4005C1A47 /* dmapgci.cpp */; };
		794FF9172FA0AACD005C1A47 /* rcm2rgrid.cpp in Sources */ = {isa = PBXBuildFile; fileRef = 794FF9162FA0AACD005C1A47 /* rcm2rgrid.cpp */; };
		794FF91C2FA0BD96005C1A47 /* TCsP.pb.cc in Sources */ = {isa = PBXBuildFile; fileRef = 794FF91B2FA0BD96005C1A47 /* TCsP.pb.cc */; };
		794FF9342FA0C291005C1A47 /* libabsl_log_internal_message.dylib in Frameworks */ = {isa = PBXBuildFile; fileRef = 794FF9332FA0C291005C1A47 /* libabsl_log_internal_message.dylib */; };
		794FF9362FA0C2C5005C1A47 /* libabsl_log_internal_check_op.dylib in Frameworks */ = {isa = PBXBuildFile; fileRef = 794FF9352FA0C2C5005C1A47 /* libabsl_log_internal_check_op.dylib */; };
		794FF9382FA0C445005C1A47 /* libomp.dylib in Frameworks */ = {isa = PBXBuildFile; fileRef = 794FF9372FA0C445005C1A47 /* libomp.dylib */; };
		796187BF2872E15B00FDAC2C /* path.html in Resources */ = {isa = PBXBuildFile; fileRef = 796187BE2872E15B00FDAC2C /* path.html */; };
		79618E572867129C00539BAE /* AppDelegate.swift in Sources */ = {isa = PBXBuildFile; fileRef = 79618E562867129C00539BAE /* AppDelegate.swift */; };
		79618E592867129C00539BAE /* ViewController.swift in Sources */ = {isa = PBXBuildFile; fileRef = 79618E582867129C00539BAE /* ViewController.swift */; };
		79618E5B2867129D00539BAE /* Assets.xcassets in Resources */ = {isa = PBXBuildFile; fileRef = 79618E5A2867129D00539BAE /* Assets.xcassets */; };
		79618E5E2867129D00539BAE /* Main.storyboard in Resources */ = {isa = PBXBuildFile; fileRef = 79618E5C2867129D00539BAE /* Main.storyboard */; };
		79618E66286736C000539BAE /* VarSelectViewController.swift in Sources */ = {isa = PBXBuildFile; fileRef = 79618E65286736C000539BAE /* VarSelectViewController.swift */; };
		79618E6828674D7700539BAE /* Var2SelectViewController.swift in Sources */ = {isa = PBXBuildFile; fileRef = 79618E6728674D7700539BAE /* Var2SelectViewController.swift */; };
		79618E71286753BE00539BAE /* NCFileInfo.cpp in Sources */ = {isa = PBXBuildFile; fileRef = 79618E70286753BE00539BAE /* NCFileInfo.cpp */; };
		79618E752867550200539BAE /* NCFileInfo-Wrapper.mm in Sources */ = {isa = PBXBuildFile; fileRef = 79618E742867550200539BAE /* NCFileInfo-Wrapper.mm */; };
		796E7335286D581D001807AC /* uv2vr_cfd.cpp in Sources */ = {isa = PBXBuildFile; fileRef = 796E7334286D581D001807AC /* uv2vr_cfd.cpp */; };
		79AC0E7A2893DF5600C0B7DA /* PreferencesViewController.swift in Sources */ = {isa = PBXBuildFile; fileRef = 79AC0E792893DF5600C0B7DA /* PreferencesViewController.swift */; };
		79BC0928288E41BD003D0E2F /* TCsJsonViewController.swift in Sources */ = {isa = PBXBuildFile; fileRef = 79BC0927288E41BD003D0E2F /* TCsJsonViewController.swift */; };
		79E91671286C4483002CED06 /* libboost_serialization.dylib in Frameworks */ = {isa = PBXBuildFile; fileRef = 79E91670286C4483002CED06 /* libboost_serialization.dylib */; };
		79E91673286C448D002CED06 /* libboost_filesystem.dylib in Frameworks */ = {isa = PBXBuildFile; fileRef = 79E91672286C448D002CED06 /* libboost_filesystem.dylib */; };
		79E91678286C456D002CED06 /* Typhoon.cpp in Sources */ = {isa = PBXBuildFile; fileRef = 79E91677286C456D002CED06 /* Typhoon.cpp */; };
		79E9167B286C4582002CED06 /* Processor.cpp in Sources */ = {isa = PBXBuildFile; fileRef = 79E9167A286C4582002CED06 /* Processor.cpp */; };
		79E9167D286C458D002CED06 /* Utils.cpp in Sources */ = {isa = PBXBuildFile; fileRef = 79E9167C286C458D002CED06 /* Utils.cpp */; };
		79E91689286C570E002CED06 /* TC1Time.cpp in Sources */ = {isa = PBXBuildFile; fileRef = 79E91688286C570E002CED06 /* TC1Time.cpp */; };
		79E9168C286C576D002CED06 /* VortexesDumper.cpp in Sources */ = {isa = PBXBuildFile; fileRef = 79E9168B286C576D002CED06 /* VortexesDumper.cpp */; };
		79E91691286C588C002CED06 /* libprotobuf.dylib in Frameworks */ = {isa = PBXBuildFile; fileRef = 79E91690286C588C002CED06 /* libprotobuf.dylib */; };
		79F5B9A22868940B002BA4BE /* libnetcdf-cxx4.dylib in Frameworks */ = {isa = PBXBuildFile; fileRef = 79F5B9A12868940B002BA4BE /* libnetcdf-cxx4.dylib */; };
/* End PBXBuildFile section */

/* Begin PBXFileReference section */
		791A4DB528716E3200BD6FDE /* ResultViewController.swift */ = {isa = PBXFileReference; lastKnownFileType = sourcecode.swift; path = ResultViewController.swift; sourceTree = "<group>"; };
		792329532869DD3B009A5E00 /* VarSelectWindowController.swift */ = {isa = PBXFileReference; lastKnownFileType = sourcecode.swift; path = VarSelectWindowController.swift; sourceTree = "<group>"; };
		7929A7F62876D60500DB7BB3 /* ProgressViewController.swift */ = {isa = PBXFileReference; lastKnownFileType = sourcecode.swift; path = ProgressViewController.swift; sourceTree = "<group>"; };
		794FF90C2FA0A9CB005C1A47 /* linint2.h */ = {isa = PBXFileReference; lastKnownFileType = sourcecode.c.h; name = linint2.h; path = ../third_party/NCL_func_cxx/include/linint2.h; sourceTree = SOURCE_ROOT; };
		794FF90D2FA0A9DD005C1A47 /* linmsg_dp.h */ = {isa = PBXFileReference; lastKnownFileType = sourcecode.c.h; name = linmsg_dp.h; path = ../third_party/NCL_func_cxx/include/linmsg_dp.h; sourceTree = SOURCE_ROOT; };
		794FF90E2FA0A9EE005C1A47 /* dmapgci.h */ = {isa = PBXFileReference; lastKnownFileType = sourcecode.c.h; name = dmapgci.h; path = ../third_party/NCL_func_cxx/include/dmapgci.h; sourceTree = SOURCE_ROOT; };
		794FF90F2FA0A9FE005C1A47 /* rcm2rgrid.h */ = {isa = PBXFileReference; lastKnownFileType = sourcecode.c.h; name = rcm2rgrid.h; path = ../third_party/NCL_func_cxx/include/rcm2rgrid.h; sourceTree = SOURCE_ROOT; };
		794FF9102FA0AA96005C1A47 /* linint2.cpp */ = {isa = PBXFileReference; lastKnownFileType = sourcecode.cpp.cpp; name = linint2.cpp; path = ../third_party/NCL_func_cxx/src/linint2.cpp; sourceTree = SOURCE_ROOT; };
		794FF9122FA0AAA5005C1A47 /* linmsg_dp.cpp */ = {isa = PBXFileReference; lastKnownFileType = sourcecode.cpp.cpp; name = linmsg_dp.cpp; path = ../third_party/NCL_func_cxx/src/linmsg_dp.cpp; sourceTree = SOURCE_ROOT; };
		794FF9142FA0AAB4005C1A47 /* dmapgci.cpp */ = {isa = PBXFileReference; lastKnownFileType = sourcecode.cpp.cpp; name = dmapgci.cpp; path = ../third_party/NCL_func_cxx/src/dmapgci.cpp; sourceTree = SOURCE_ROOT; };
		794FF9162FA0AACD005C1A47 /* rcm2rgrid.cpp */ = {isa = PBXFileReference; lastKnownFileType = sourcecode.cpp.cpp; name = rcm2rgrid.cpp; path = ../third_party/NCL_func_cxx/src/rcm2rgrid.cpp; sourceTree = SOURCE_ROOT; };
		794FF91B2FA0BD96005C1A47 /* TCsP.pb.cc */ = {isa = PBXFileReference; lastKnownFileType = sourcecode.cpp.cpp; name = TCsP.pb.cc; path = proto_include/TCsP.pb.cc; sourceTree = "<group>"; };
		794FF9332FA0C291005C1A47 /* libabsl_log_internal_message.dylib */ = {isa = PBXFileReference; lastKnownFileType = "compiled.mach-o.dylib"; name = libabsl_log_internal_message.dylib; path = ../../../../../../../../../opt/homebrew/lib/libabsl_log_internal_message.dylib; sourceTree = "<group>"; };
		794FF9352FA0C2C5005C1A47 /* libabsl_log_internal_check_op.dylib */ = {isa = PBXFileReference; lastKnownFileType = "compiled.mach-o.dylib"; name = libabsl_log_internal_check_op.dylib; path = ../../../../../../../../../opt/homebrew/lib/libabsl_log_internal_check_op.dylib; sourceTree = "<group>"; };
		794FF9372FA0C445005C1A47 /* libomp.dylib */ = {isa = PBXFileReference; lastKnownFileType = "compiled.mach-o.dylib"; name = libomp.dylib; path = ../../../../../../../../../opt/homebrew/Cellar/libomp/22.1.4/lib/libomp.dylib; sourceTree = "<group>"; };
		795DA7B3286B3A7200909341 /* TCInfo.h */ = {isa = PBXFileReference; fileEncoding = 4; lastKnownFileType = sourcecode.c.h; name = TCInfo.h; path = ../../core/include/TCInfo.h; sourceTree = "<group>"; };
		796187BE2872E15B00FDAC2C /* path.html */ = {isa = PBXFileReference; fileEncoding = 4; lastKnownFileType = text.html; path = path.html; sourceTree = "<group>"; };
		79618E532867129C00539BAE /* 热带气旋路径识别软件.app */ = {isa = PBXFileReference; explicitFileType = wrapper.application; includeInIndex = 0; path = "热带气旋路径识别软件.app"; sourceTree = BUILT_PRODUCTS_DIR; };
		79618E562867129C00539BAE /* AppDelegate.swift */ = {isa = PBXFileReference; lastKnownFileType = sourcecode.swift; path = AppDelegate.swift; sourceTree = "<group>"; };
		79618E582867129C00539BAE /* ViewController.swift */ = {isa = PBXFileReference; lastKnownFileType = sourcecode.swift; path = ViewController.swift; sourceTree = "<group>"; };
		79618E5A2867129D00539BAE /* Assets.xcassets */ = {isa = PBXFileReference; lastKnownFileType = folder.assetcatalog; path = Assets.xcassets; sourceTree = "<group>"; };
		79618E5D2867129D00539BAE /* Base */ = {isa = PBXFileReference; lastKnownFileType = file.storyboard; name = Base; path = Base.lproj/Main.storyboard; sourceTree = "<group>"; };
		79618E5F2867129D00539BAE /* TC_Tracker_mac.entitlements */ = {isa = PBXFileReference; lastKnownFileType = text.plist.entitlements; path = TC_Tracker_mac.entitlements; sourceTree = "<group>"; };
		79618E65286736C000539BAE /* VarSelectViewController.swift */ = {isa = PBXFileReference; lastKnownFileType = sourcecode.swift; path = VarSelectViewController.swift; sourceTree = "<group>"; };
		79618E6728674D7700539BAE /* Var2SelectViewController.swift */ = {isa = PBXFileReference; lastKnownFileType = sourcecode.swift; path = Var2SelectViewController.swift; sourceTree = "<group>"; };
		79618E6C2867537F00539BAE /* NCFileInfo.h */ = {isa = PBXFileReference; fileEncoding = 4; lastKnownFileType = sourcecode.c.h; name = NCFileInfo.h; path = ../../core/include/NCFileInfo.h; sourceTree = "<group>"; };
		79618E6F286753BE00539BAE /* TC_Tracker_mac-Bridging-Header.h */ = {isa = PBXFileReference; lastKnownFileType = sourcecode.c.h; path = "TC_Tracker_mac-Bridging-Header.h"; sourceTree = "<group>"; };
		79618E70286753BE00539BAE /* NCFileInfo.cpp */ = {isa = PBXFileReference; fileEncoding = 4; lastKnownFileType = sourcecode.cpp.cpp; name = NCFileInfo.cpp; path = ../../core/src/NCFileInfo.cpp; sourceTree = "<group>"; };
		79618E73286754DA00539BAE /* NCFileInfo-Wrapper.h */ = {isa = PBXFileReference; lastKnownFileType = sourcecode.c.h; path = "NCFileInfo-Wrapper.h"; sourceTree = "<group>"; };
		79618E742867550200539BAE /* NCFileInfo-Wrapper.mm */ = {isa = PBXFileReference; lastKnownFileType = sourcecode.cpp.objcpp; path = "NCFileInfo-Wrapper.mm"; sourceTree = "<group>"; };
		796E7333286D580F001807AC /* uv2vr_cfd.h */ = {isa = PBXFileReference; fileEncoding = 4; lastKnownFileType = sourcecode.c.h; name = uv2vr_cfd.h; path = ../../core/include/uv2vr_cfd.h; sourceTree = "<group>"; };
		796E7334286D581D001807AC /* uv2vr_cfd.cpp */ = {isa = PBXFileReference; fileEncoding = 4; lastKnownFileType = sourcecode.cpp.cpp; name = uv2vr_cfd.cpp; path = ../../core/src/uv2vr_cfd.cpp; sourceTree = "<group>"; };
		79AC0E792893DF5600C0B7DA /* PreferencesViewController.swift */ = {isa = PBXFileReference; lastKnownFileType = sourcecode.swift; path = PreferencesViewController.swift; sourceTree = "<group>"; };
		79BC0927288E41BD003D0E2F /* TCsJsonViewController.swift */ = {isa = PBXFileReference; lastKnownFileType = sourcecode.swift; path = TCsJsonViewController.swift; sourceTree = "<group>"; };
		79E91668286C411B002CED06 /* Typhoon.h */ = {isa = PBXFileReference; fileEncoding = 4; lastKnownFileType = sourcecode.c.h; name = Typhoon.h; path = ../../core/include/Typhoon.h; sourceTree = "<group>"; };
		79E9166A286C4210002CED06 /* Processor.h */ = {isa = PBXFileReference; fileEncoding = 4; lastKnownFileType = sourcecode.c.h; name = Processor.h; path = ../../core/include/Processor.h; sourceTree = "<group>"; };
		79E9166C286C42D4002CED06 /* Utils.h */ = {isa = PBXFileReference; fileEncoding = 4; lastKnownFileType = sourcecode.c.h; name = Utils.h; path = ../../core/include/Utils.h; sourceTree = "<group>"; };
		79E9166D286C4370002CED06 /* multiArray.h */ = {isa = PBXFileReference; fileEncoding = 4; lastKnownFileType = sourcecode.c.h; name = multiArray.h; path = ../../core/include/multiArray.h; sourceTree = "<group>"; };
		79E91670286C4483002CED06 /* libboost_serialization.dylib */ = {isa = PBXFileReference; lastKnownFileType = "compiled.mach-o.dylib"; name = libboost_serialization.dylib; path = ../../../../../../../../../../opt/homebrew/lib/libboost_serialization.dylib; sourceTree = "<group>"; };
		79E91672286C448D002CED06 /* libboost_filesystem.dylib */ = {isa = PBXFileReference; lastKnownFileType = "compiled.mach-o.dylib"; name = libboost_filesystem.dylib; path = ../../../../../../../../../../opt/homebrew/lib/libboost_filesystem.dylib; sourceTree = "<group>"; };
		79E91677286C456D002CED06 /* Typhoon.cpp */ = {isa = PBXFileReference; fileEncoding = 4; lastKnownFileType = sourcecode.cpp.cpp; name = Typhoon.cpp; path = ../../core/src/Typhoon.cpp; sourceTree = "<group>"; };
		79E9167A286C4582002CED06 /* Processor.cpp */ = {isa = PBXFileReference; fileEncoding = 4; lastKnownFileType = sourcecode.cpp.cpp; name = Processor.cpp; path = ../../core/src/Processor.cpp; sourceTree = "<group>"; };
		79E9167C286C458D002CED06 /* Utils.cpp */ = {isa = PBXFileReference; fileEncoding = 4; lastKnownFileType = sourcecode.cpp.cpp; name = Utils.cpp; path = ../../core/src/Utils.cpp; sourceTree = "<group>"; };
		79E9167E286C45AB002CED06 /* TC1Time.h */ = {isa = PBXFileReference; fileEncoding = 4; lastKnownFileType = sourcecode.c.h; name = TC1Time.h; path = ../../core/include/TC1Time.h; sourceTree = "<group>"; };
		79E91680286C4642002CED06 /* json.hpp */ = {isa = PBXFileReference; fileEncoding = 4; lastKnownFileType = sourcecode.cpp.h; name = json.hpp; path = ../../core/include/json.hpp; sourceTree = "<group>"; };
		79E91681286C53FC002CED06 /* cxxopts.hpp */ = {isa = PBXFileReference; lastKnownFileType = sourcecode.cpp.h; path = cxxopts.hpp; sourceTree = "<group>"; };
		79E91688286C570E002CED06 /* TC1Time.cpp */ = {isa = PBXFileReference; fileEncoding = 4; lastKnownFileType = sourcecode.cpp.cpp; name = TC1Time.cpp; path = ../../core/src/TC1Time.cpp; sourceTree = "<group>"; };
		79E9168A286C5765002CED06 /* VortexesDumper.h */ = {isa = PBXFileReference; fileEncoding = 4; lastKnownFileType = sourcecode.c.h; name = VortexesDumper.h; path = ../../core/include/VortexesDumper.h; sourceTree = "<group>"; };
		79E9168B286C576D002CED06 /* VortexesDumper.cpp */ = {isa = PBXFileReference; fileEncoding = 4; lastKnownFileType = sourcecode.cpp.cpp; name = VortexesDumper.cpp; path = ../../core/src/VortexesDumper.cpp; sourceTree = "<group>"; };
		79E91690286C588C002CED06 /* libprotobuf.dylib */ = {isa = PBXFileReference; lastKnownFileType = "compiled.mach-o.dylib"; name = libprotobuf.dylib; path = ../../../../../../../../../../opt/homebrew/lib/libprotobuf.dylib; sourceTree = "<group>"; };
		79F5B9A12868940B002BA4BE /* libnetcdf-cxx4.dylib */ = {isa = PBXFileReference; lastKnownFileType = "compiled.mach-o.dylib"; name = "libnetcdf-cxx4.dylib"; path = "../../../../../../../../../../opt/homebrew/lib/libnetcdf-cxx4.dylib"; sourceTree = "<group>"; };
/* End PBXFileReference section */

/* Begin PBXFrameworksBuildPhase section */
		79618E502867129C00539BAE /* Frameworks */ = {
			isa = PBXFrameworksBuildPhase;
			buildActionMask = 2147483647;
			files = (
				794FF9382FA0C445005C1A47 /* libomp.dylib in Frameworks */,
				794FF9362FA0C2C5005C1A47 /* libabsl_log_internal_check_op.dylib in Frameworks */,
				794FF9342FA0C291005C1A47 /* libabsl_log_internal_message.dylib in Frameworks */,
				79F5B9A22868940B002BA4BE /* libnetcdf-cxx4.dylib in Frameworks */,
				79E91673286C448D002CED06 /* libboost_filesystem.dylib in Frameworks */,
				79E91671286C4483002CED06 /* libboost_serialization.dylib in Frameworks */,
				79E91691286C588C002CED06 /* libprotobuf.dylib in Frameworks */,
			);
			runOnlyForDeploymentPostprocessing = 0;
		};
/* End PBXFrameworksBuildPhase section */

/* Begin PBXGroup section */
		790799212870389500543C44 /* ncl_cxx */ = {
			isa = PBXGroup;
			children = (
				794FF90F2FA0A9FE005C1A47 /* rcm2rgrid.h */,
				794FF90E2FA0A9EE005C1A47 /* dmapgci.h */,
				794FF90D2FA0A9DD005C1A47 /* linmsg_dp.h */,
				794FF90C2FA0A9CB005C1A47 /* linint2.h */,
			);
			name = ncl_cxx;
			sourceTree = "<group>";
		};
		79079923287038D000543C44 /* ncl_cxx */ = {
			isa = PBXGroup;
			children = (
				794FF9162FA0AACD005C1A47 /* rcm2rgrid.cpp */,
				794FF9142FA0AAB4005C1A47 /* dmapgci.cpp */,
				794FF9122FA0AAA5005C1A47 /* linmsg_dp.cpp */,
				794FF9102FA0AA96005C1A47 /* linint2.cpp */,
			);
			name = ncl_cxx;
			sourceTree = "<group>";
		};
		795DA7B2286B3A3F00909341 /* TCStruct */ = {
			isa = PBXGroup;
			children = (
				79E9167E286C45AB002CED06 /* TC1Time.h */,
				79E9166D286C4370002CED06 /* multiArray.h */,
				79E91668286C411B002CED06 /* Typhoon.h */,
				795DA7B3286B3A7200909341 /* TCInfo.h */,
			);
			name = TCStruct;
			sourceTree = "<group>";
		};
		79618E4A2867129C00539BAE = {
			isa = PBXGroup;
			children = (
				79618E552867129C00539BAE /* TC_Tracker_mac */,
				79618E542867129C00539BAE /* Products */,
				79F5B9A02868940B002BA4BE /* Frameworks */,
			);
			sourceTree = "<group>";
		};
		79618E542867129C00539BAE /* Products */ = {
			isa = PBXGroup;
			children = (
				79618E532867129C00539BAE /* 热带气旋路径识别软件.app */,
			);
			name = Products;
			sourceTree = "<group>";
		};
		79618E552867129C00539BAE /* TC_Tracker_mac */ = {
			isa = PBXGroup;
			children = (
				79618E562867129C00539BAE /* AppDelegate.swift */,
				79618E582867129C00539BAE /* ViewController.swift */,
				791A4DB528716E3200BD6FDE /* ResultViewController.swift */,
				79BC0927288E41BD003D0E2F /* TCsJsonViewController.swift */,
				7929A7F62876D60500DB7BB3 /* ProgressViewController.swift */,
				79AC0E792893DF5600C0B7DA /* PreferencesViewController.swift */,
				796187BE2872E15B00FDAC2C /* path.html */,
				79618E6B2867537100539BAE /* core */,
				79618E722867542900539BAE /* wrapper */,
				79618E6F286753BE00539BAE /* TC_Tracker_mac-Bridging-Header.h */,
				79618E5A2867129D00539BAE /* Assets.xcassets */,
				79618E5C2867129D00539BAE /* Main.storyboard */,
				792329532869DD3B009A5E00 /* VarSelectWindowController.swift */,
				79618E65286736C000539BAE /* VarSelectViewController.swift */,
				79618E6728674D7700539BAE /* Var2SelectViewController.swift */,
				79618E5F2867129D00539BAE /* TC_Tracker_mac.entitlements */,
			);
			path = TC_Tracker_mac;
			sourceTree = "<group>";
		};
		79618E6B2867537100539BAE /* core */ = {
			isa = PBXGroup;
			children = (
				79618E6D2867539D00539BAE /* include */,
				79618E6E286753AE00539BAE /* src */,
			);
			name = core;
			sourceTree = "<group>";
		};
		79618E6D2867539D00539BAE /* include */ = {
			isa = PBXGroup;
			children = (
				79E9167F286C462B002CED06 /* 3rdPartyLib */,
				79E91669286C41E5002CED06 /* Calculator */,
				795DA7B2286B3A3F00909341 /* TCStruct */,
				79618E6C2867537F00539BAE /* NCFileInfo.h */,
			);
			name = include;
			sourceTree = "<group>";
		};
		79618E6E286753AE00539BAE /* src */ = {
			isa = PBXGroup;
			children = (
				79E91679286C4576002CED06 /* Calculator */,
				79E91676286C452A002CED06 /* TCStruct */,
				79618E70286753BE00539BAE /* NCFileInfo.cpp */,
			);
			name = src;
			sourceTree = "<group>";
		};
		79618E722867542900539BAE /* wrapper */ = {
			isa = PBXGroup;
			children = (
				79618E73286754DA00539BAE /* NCFileInfo-Wrapper.h */,
				79618E742867550200539BAE /* NCFileInfo-Wrapper.mm */,
			);
			path = wrapper;
			sourceTree = "<group>";
		};
		79E91669286C41E5002CED06 /* Calculator */ = {
			isa = PBXGroup;
			children = (
				790799212870389500543C44 /* ncl_cxx */,
				796E7333286D580F001807AC /* uv2vr_cfd.h */,
				79E9168A286C5765002CED06 /* VortexesDumper.h */,
				79E9166C286C42D4002CED06 /* Utils.h */,
				79E9166A286C4210002CED06 /* Processor.h */,
			);
			name = Calculator;
			sourceTree = "<group>";
		};
		79E91676286C452A002CED06 /* TCStruct */ = {
			isa = PBXGroup;
			children = (
				794FF91B2FA0BD96005C1A47 /* TCsP.pb.cc */,
				79E91688286C570E002CED06 /* TC1Time.cpp */,
				79E91677286C456D002CED06 /* Typhoon.cpp */,
			);
			name = TCStruct;
			sourceTree = "<group>";
		};
		79E91679286C4576002CED06 /* Calculator */ = {
			isa = PBXGroup;
			children = (
				79079923287038D000543C44 /* ncl_cxx */,
				796E7334286D581D001807AC /* uv2vr_cfd.cpp */,
				79E9168B286C576D002CED06 /* VortexesDumper.cpp */,
				79E9167C286C458D002CED06 /* Utils.cpp */,
				79E9167A286C4582002CED06 /* Processor.cpp */,
			);
			name = Calculator;
			sourceTree = "<group>";
		};
		79E9167F286C462B002CED06 /* 3rdPartyLib */ = {
			isa = PBXGroup;
			children = (
				79E91681286C53FC002CED06 /* cxxopts.hpp */,
				79E91680286C4642002CED06 /* json.hpp */,
			);
			name = 3rdPartyLib;
			sourceTree = "<group>";
		};
		79F5B9A02868940B002BA4BE /* Frameworks */ = {
			isa = PBXGroup;
			children = (
				794FF9372FA0C445005C1A47 /* libomp.dylib */,
				794FF9352FA0C2C5005C1A47 /* libabsl_log_internal_check_op.dylib */,
				794FF9332FA0C291005C1A47 /* libabsl_log_internal_message.dylib */,
				79E91690286C588C002CED06 /* libprotobuf.dylib */,
				79E91672286C448D002CED06 /* libboost_filesystem.dylib */,
				79E91670286C4483002CED06 /* libboost_serialization.dylib */,
				79F5B9A12868940B002BA4BE /* libnetcdf-cxx4.dylib */,
			);
			name = Frameworks;
			sourceTree = "<group>";
		};
/* End PBXGroup section */

/* Begin PBXNativeTarget section */
		79618E522867129C00539BAE /* TC_Tracker_mac */ = {
			isa = PBXNativeTarget;
			buildConfigurationList = 79618E622867129D00539BAE /* Build configuration list for PBXNativeTarget "TC_Tracker_mac" */;
			buildPhases = (
				794FF91A2FA0AC91005C1A47 /* ShellScript */,
				79618E4F2867129C00539BAE /* Sources */,
				79618E502867129C00539BAE /* Frameworks */,
				79618E512867129C00539BAE /* Resources */,
			);
			buildRules = (
			);
			dependencies = (
			);
			name = TC_Tracker_mac;
			productName = TC_Tracker_mac;
			productReference = 79618E532867129C00539BAE /* 热带气旋路径识别软件.app */;
			productType = "com.apple.product-type.application";
		};
/* End PBXNativeTarget section */

/* Begin PBXProject section */
		79618E4B2867129C00539BAE /* Project object */ = {
			isa = PBXProject;
			attributes = {
				BuildIndependentTargetsInParallel = 1;
				LastSwiftUpdateCheck = 1330;
				LastUpgradeCheck = 1330;
				TargetAttributes = {
					79618E522867129C00539BAE = {
						CreatedOnToolsVersion = 13.3;
						LastSwiftMigration = 1330;
					};
				};
			};
			buildConfigurationList = 79618E4E2867129C00539BAE /* Build configuration list for PBXProject "TC_Tracker_mac" */;
			compatibilityVersion = "Xcode 13.0";
			developmentRegion = en;
			hasScannedForEncodings = 0;
			knownRegions = (
				en,
				Base,
			);
			mainGroup = 79618E4A2867129C00539BAE;
			productRefGroup = 79618E542867129C00539BAE /* Products */;
			projectDirPath = "";
			projectRoot = "";
			targets = (
				79618E522867129C00539BAE /* TC_Tracker_mac */,
			);
		};
/* End PBXProject section */

/* Begin PBXResourcesBuildPhase section */
		79618E512867129C00539BAE /* Resources */ = {
			isa = PBXResourcesBuildPhase;
			buildActionMask = 2147483647;
			files = (
				79618E5B2867129D00539BAE /* Assets.xcassets in Resources */,
				796187BF2872E15B00FDAC2C /* path.html in Resources */,
				79618E5E2867129D00539BAE /* Main.storyboard in Resources */,
			);
			runOnlyForDeploymentPostprocessing = 0;
		};
/* End PBXResourcesBuildPhase section */

/* Begin PBXShellScriptBuildPhase section */
		794FF91A2FA0AC91005C1A47 /* ShellScript */ = {
			isa = PBXShellScriptBuildPhase;
			buildActionMask = 2147483647;
			files = (
			);
			inputFileListPaths = (
			);
			inputPaths = (
			);
			outputFileListPaths = (
			);
			outputPaths = (
			);
			runOnlyForDeploymentPostprocessing = 0;
			shellPath = /bin/zsh;
			shellScript = "set -euo pipefail\n\neval \"$(/opt/homebrew/bin/brew shellenv zsh)\"\n\nPROTO_DIR=\"${SRCROOT}/../core\"\nOUT_DIR=\"${SRCROOT}/TC_Tracker_mac/proto_include\"\n\nprotoc -I \"$PROTO_DIR\" --cpp_out=$OUT_DIR TCsP.proto\n# touch \"$OUT_DIR/aa.txt\"\n\n";
		};
/* End PBXShellScriptBuildPhase section */

/* Begin PBXSourcesBuildPhase section */
		79618E4F2867129C00539BAE /* Sources */ = {
			isa = PBXSourcesBuildPhase;
			buildActionMask = 2147483647;
			files = (
				79618E71286753BE00539BAE /* NCFileInfo.cpp in Sources */,
				791A4DB628716E3200BD6FDE /* ResultViewController.swift in Sources */,
				79618E592867129C00539BAE /* ViewController.swift in Sources */,
				792329542869DD3B009A5E00 /* VarSelectWindowController.swift in Sources */,
				79E9167D286C458D002CED06 /* Utils.cpp in Sources */,
				79618E752867550200539BAE /* NCFileInfo-Wrapper.mm in Sources */,
				794FF91C2FA0BD96005C1A47 /* TCsP.pb.cc in Sources */,
				79618E572867129C00539BAE /* AppDelegate.swift in Sources */,
				79E91689286C570E002CED06 /* TC1Time.cpp in Sources */,
				79E91678286C456D002CED06 /* Typhoon.cpp in Sources */,
				79618E66286736C000539BAE /* VarSelectViewController.swift in Sources */,
				794FF9132FA0AAA5005C1A47 /* linmsg_dp.cpp in Sources */,
				794FF9152FA0AAB4005C1A47 /* dmapgci.cpp in Sources */,
				79BC0928288E41BD003D0E2F /* TCsJsonViewController.swift in Sources */,
				7929A7F72876D60500DB7BB3 /* ProgressViewController.swift in Sources */,
				79618E6828674D7700539BAE /* Var2SelectViewController.swift in Sources */,
				794FF9172FA0AACD005C1A47 /* rcm2rgrid.cpp in Sources */,
				79E9167B286C4582002CED06 /* Processor.cpp in Sources */,
				79E9168C286C576D002CED06 /* VortexesDumper.cpp in Sources */,
				796E7335286D581D001807AC /* uv2vr_cfd.cpp in Sources */,
				794FF9112FA0AA96005C1A47 /* linint2.cpp in Sources */,
				79AC0E7A2893DF5600C0B7DA /* PreferencesViewController.swift in Sources */,
			);
			runOnlyForDeploymentPostprocessing = 0;
		};
/* End PBXSourcesBuildPhase section */

/* Begin PBXVariantGroup section */
		79618E5C2867129D00539BAE /* Main.storyboard */ = {
			isa = PBXVariantGroup;
			children = (
				79618E5D2867129D00539BAE /* Base */,
			);
			name = Main.storyboard;
			sourceTree = "<group>";
		};
/* End PBXVariantGroup section */

/* Begin XCBuildConfiguration section */
		79618E602867129D00539BAE /* Debug */ = {
			isa = XCBuildConfiguration;
			buildSettings = {
				ALWAYS_SEARCH_USER_PATHS = NO;
				CLANG_ANALYZER_NONNULL = YES;
				CLANG_ANALYZER_NUMBER_OBJECT_CONVERSION = YES_AGGRESSIVE;
				CLANG_CXX_LANGUAGE_STANDARD = "gnu++17";
				CLANG_ENABLE_MODULES = YES;
				CLANG_ENABLE_OBJC_ARC = YES;
				CLANG_ENABLE_OBJC_WEAK = YES;
				CLANG_WARN_BLOCK_CAPTURE_AUTORELEASING = YES;
				CLANG_WARN_BOOL_CONVERSION = YES;
				CLANG_WARN_COMMA = YES;
				CLANG_WARN_CONSTANT_CONVERSION = YES;
				CLANG_WARN_DEPRECATED_OBJC_IMPLEMENTATIONS = YES;
				CLANG_WARN_DIRECT_OBJC_ISA_USAGE = YES_ERROR;
				CLANG_WARN_DOCUMENTATION_COMMENTS = YES;
				CLANG_WARN_EMPTY_BODY = YES;
				CLANG_WARN_ENUM_CONVERSION = YES;
				CLANG_WARN_INFINITE_RECURSION = YES;
				CLANG_WARN_INT_CONVERSION = YES;
				CLANG_WARN_NON_LITERAL_NULL_CONVERSION = YES;
				CLANG_WARN_OBJC_IMPLICIT_RETAIN_SELF = YES;
				CLANG_WARN_OBJC_LITERAL_CONVERSION = YES;
				CLANG_WARN_OBJC_ROOT_CLASS = YES_ERROR;
				CLANG_WARN_QUOTED_INCLUDE_IN_FRAMEWORK_HEADER = YES;
				CLANG_WARN_RANGE_LOOP_ANALYSIS = YES;
				CLANG_WARN_STRICT_PROTOTYPES = YES;
				CLANG_WARN_SUSPICIOUS_MOVE = YES;
				CLANG_WARN_UNGUARDED_AVAILABILITY = YES_AGGRESSIVE;
				CLANG_WARN_UNREACHABLE_CODE = YES;
				CLANG_WARN__DUPLICATE_METHOD_MATCH = YES;
				COPY_PHASE_STRIP = NO;
				DEBUG_INFORMATION_FORMAT = dwarf;
				ENABLE_STRICT_OBJC_MSGSEND = YES;
				ENABLE_TESTABILITY = YES;
				GCC_C_LANGUAGE_STANDARD = gnu11;
				GCC_DYNAMIC_NO_PIC = NO;
				GCC_NO_COMMON_BLOCKS = YES;
				GCC_OPTIMIZATION_LEVEL = 0;
				GCC_PREPROCESSOR_DEFINITIONS = (
					"DEBUG=1",
					"$(inherited)",
				);
				GCC_WARN_64_TO_32_BIT_CONVERSION = YES;
				GCC_WARN_ABOUT_RETURN_TYPE = YES_ERROR;
				GCC_WARN_UNDECLARED_SELECTOR = YES;
				GCC_WARN_UNINITIALIZED_AUTOS = YES_AGGRESSIVE;
				GCC_WARN_UNUSED_FUNCTION = YES;
				GCC_WARN_UNUSED_VARIABLE = YES;
				MACOSX_DEPLOYMENT_TARGET = 12.3;
				MTL_ENABLE_DEBUG_INFO = INCLUDE_SOURCE;
				MTL_FAST_MATH = YES;
				ONLY_ACTIVE_ARCH = YES;
				SDKROOT = macosx;
				SWIFT_ACTIVE_COMPILATION_CONDITIONS = DEBUG;
				SWIFT_OPTIMIZATION_LEVEL = "-Onone";
			};
			name = Debug;
		};
		79618E612867129D00539BAE /* Release */ = {
			isa = XCBuildConfiguration;
			buildSettings = {
				ALWAYS_SEARCH_USER_PATHS = NO;
				CLANG_ANALYZER_NONNULL = YES;
				CLANG_ANALYZER_NUMBER_OBJECT_CONVERSION = YES_AGGRESSIVE;
				CLANG_CXX_LANGUAGE_STANDARD = "gnu++17";
				CLANG_ENABLE_MODULES = YES;
				CLANG_ENABLE_OBJC_ARC = YES;
				CLANG_ENABLE_OBJC_WEAK = YES;
				CLANG_WARN_BLOCK_CAPTURE_AUTORELEASING = YES;
				CLANG_WARN_BOOL_CONVERSION = YES;
				CLANG_WARN_COMMA = YES;
				CLANG_WARN_CONSTANT_CONVERSION = YES;
				CLANG_WARN_DEPRECATED_OBJC_IMPLEMENTATIONS = YES;
				CLANG_WARN_DIRECT_OBJC_ISA_USAGE = YES_ERROR;
				CLANG_WARN_DOCUMENTATION_COMMENTS = YES;
				CLANG_WARN_EMPTY_BODY = YES;
				CLANG_WARN_ENUM_CONVERSION = YES;
				CLANG_WARN_INFINITE_RECURSION = YES;
				CLANG_WARN_INT_CONVERSION = YES;
				CLANG_WARN_NON_LITERAL_NULL_CONVERSION = YES;
				CLANG_WARN_OBJC_IMPLICIT_RETAIN_SELF = YES;
				CLANG_WARN_OBJC_LITERAL_CONVERSION = YES;
				CLANG_WARN_OBJC_ROOT_CLASS = YES_ERROR;
				CLANG_WARN_QUOTED_INCLUDE_IN_FRAMEWORK_HEADER = YES;
				CLANG_WARN_RANGE_LOOP_ANALYSIS = YES;
				CLANG_WARN_STRICT_PROTOTYPES = YES;
				CLANG_WARN_SUSPICIOUS_MOVE = YES;
				CLANG_WARN_UNGUARDED_AVAILABILITY = YES_AGGRESSIVE;
				CLANG_WARN_UNREACHABLE_CODE = YES;
				CLANG_WARN__DUPLICATE_METHOD_MATCH = YES;
				COPY_PHASE_STRIP = NO;
				DEBUG_INFORMATION_FORMAT = "dwarf-with-dsym";
				ENABLE_NS_ASSERTIONS = NO;
				ENABLE_STRICT_OBJC_MSGSEND = YES;
				GCC_C_LANGUAGE_STANDARD = gnu11;
				GCC_NO_COMMON_BLOCKS = YES;
				GCC_WARN_64_TO_32_BIT_CONVERSION = YES;
				GCC_WARN_ABOUT_RETURN_TYPE = YES_ERROR;
				GCC_WARN_UNDECLARED_SELECTOR = YES;
				GCC_WARN_UNINITIALIZED_AUTOS = YES_AGGRESSIVE;
				GCC_WARN_UNUSED_FUNCTION = YES;
				GCC_WARN_UNUSED_VARIABLE = YES;
				MACOSX_DEPLOYMENT_TARGET = 12.3;
				MTL_ENABLE_DEBUG_INFO = NO;
				MTL_FAST_MATH = YES;
				SDKROOT = macosx;
				SWIFT_COMPILATION_MODE = wholemodule;
				SWIFT_OPTIMIZATION_LEVEL = "-O";
			};
			name = Release;
		};
		79618E632867129D00539BAE /* Debug */ = {
			isa = XCBuildConfiguration;
			buildSettings = {
				ASSETCATALOG_COMPILER_APPICON_NAME = AppIcon;
				ASSETCATALOG_COMPILER_GLOBAL_ACCENT_COLOR_NAME = AccentColor;
				CLANG_ENABLE_MODULES = YES;
				CODE_SIGN_ENTITLEMENTS = TC_Tracker_mac/TC_Tracker_mac.entitlements;
				CODE_SIGN_STYLE = Automatic;
				COMBINE_HIDPI_IMAGES = YES;
				CURRENT_PROJECT_VERSION = 1;
				GENERATE_INFOPLIST_FILE = YES;
				HEADER_SEARCH_PATHS = (
					/opt/homebrew/include,
					/opt/homebrew/opt/libomp/include,
					"${SRCROOT}/TC_Tracker_mac/proto_include",
				);
				INFOPLIST_KEY_NSHumanReadableCopyright = "";
				INFOPLIST_KEY_NSMainStoryboardFile = Main;
				INFOPLIST_KEY_NSPrincipalClass = NSApplication;
				LD_RUNPATH_SEARCH_PATHS = (
					"$(inherited)",
					"@executable_path/../Frameworks",
				);
				LIBRARY_SEARCH_PATHS = (
					/opt/homebrew/lib,
					/opt/homebrew/opt/libomp/lib,
					/opt/homebrew/Cellar/abseil/20260107.1/lib,
					/opt/homebrew/Cellar/libomp/22.1.4/lib,
				);
				MARKETING_VERSION = 1.0;
				OTHER_CFLAGS = (
					"-Xpreprocessor",
					"-fopenmp",
				);
				PRODUCT_BUNDLE_IDENTIFIER = "com.the1000thsummer.TC-Tracker-mac";
				PRODUCT_NAME = "热带气旋路径识别软件";
				SWIFT_EMIT_LOC_STRINGS = YES;
				SWIFT_OBJC_BRIDGING_HEADER = "TC_Tracker_mac/TC_Tracker_mac-Bridging-Header.h";
				SWIFT_OPTIMIZATION_LEVEL = "-Onone";
				SWIFT_VERSION = 5.0;
			};
			name = Debug;
		};
		79618E642867129D00539BAE /* Release */ = {
			isa = XCBuildConfiguration;
			buildSettings = {
				ASSETCATALOG_COMPILER_APPICON_NAME = AppIcon;
				ASSETCATALOG_COMPILER_GLOBAL_ACCENT_COLOR_NAME = AccentColor;
				CLANG_ENABLE_MODULES = YES;
				CODE_SIGN_ENTITLEMENTS = TC_Tracker_mac/TC_Tracker_mac.entitlements;
				CODE_SIGN_STYLE = Automatic;
				COMBINE_HIDPI_IMAGES = YES;
				CURRENT_PROJECT_VERSION = 1;
				GENERATE_INFOPLIST_FILE = YES;
				HEADER_SEARCH_PATHS = (
					/opt/homebrew/include,
					/opt/homebrew/opt/libomp/include,
					"${SRCROOT}/TC_Tracker_mac/proto_include",
				);
				INFOPLIST_KEY_NSHumanReadableCopyright = "";
				INFOPLIST_KEY_NSMainStoryboardFile = Main;
				INFOPLIST_KEY_NSPrincipalClass = NSApplication;
				LD_RUNPATH_SEARCH_PATHS = (
					"$(inherited)",
					"@executable_path/../Frameworks",
				);
				LIBRARY_SEARCH_PATHS = (
					/opt/homebrew/lib,
					/opt/homebrew/opt/libomp/lib,
					/opt/homebrew/Cellar/abseil/20260107.1/lib,
					/opt/homebrew/Cellar/libomp/22.1.4/lib,
				);
				MARKETING_VERSION = 1.0;
				ONLY_ACTIVE_ARCH = YES;
				OTHER_CFLAGS = (
					"-Xpreprocessor",
					"-fopenmp",
				);
				PRODUCT_BUNDLE_IDENTIFIER = "com.the1000thsummer.TC-Tracker-mac";
				PRODUCT_NAME = "热带气旋路径识别软件";
				SWIFT_EMIT_LOC_STRINGS = YES;
				SWIFT_OBJC_BRIDGING_HEADER = "TC_Tracker_mac/TC_Tracker_mac-Bridging-Header.h";
				SWIFT_VERSION = 5.0;
			};
			name = Release;
		};
/* End XCBuildConfiguration section */

/* Begin XCConfigurationList section */
		79618E4E2867129C00539BAE /* Build configuration list for PBXProject "TC_Tracker_mac" */ = {
			isa = XCConfigurationList;
			buildConfigurations = (
				79618E602867129D00539BAE /* Debug */,
				79618E612867129D00539BAE /* Release */,
			);
			defaultConfigurationIsVisible = 0;
			defaultConfigurationName = Release;
		};
		79618E622867129D00539BAE /* Build configuration list for PBXNativeTarget "TC_Tracker_mac" */ = {
			isa = XCConfigurationList;
			buildConfigurations = (
				79618E632867129D00539BAE /* Debug */,
				79618E642867129D00539BAE /* Release */,
			);
			defaultConfigurationIsVisible = 0;
			defaultConfigurationName = Release;
		};
/* End XCConfigurationList section */
	};
	rootObject = 79618E4B2867129C00539BAE /* Project object */;
}
