// !$*UTF8*$!
{
	archiveVersion = 1;
	classes = {
	};
	objectVersion = 55;
	objects = {

/* Begin PBXBuildFile section */
		792329542869DD3B009A5E00 /* VarSelectWindowController.swift in Sources */ = {isa = PBXBuildFile; fileRef = 792329532869DD3B009A5E00 /* VarSelectWindowController.swift */; };
		79618E572867129C00539BAE /* AppDelegate.swift in Sources */ = {isa = PBXBuildFile; fileRef = 79618E562867129C00539BAE /* AppDelegate.swift */; };
		79618E592867129C00539BAE /* ViewController.swift in Sources */ = {isa = PBXBuildFile; fileRef = 79618E582867129C00539BAE /* ViewController.swift */; };
		79618E5B2867129D00539BAE /* Assets.xcassets in Resources */ = {isa = PBXBuildFile; fileRef = 79618E5A2867129D00539BAE /* Assets.xcassets */; };
		79618E5E2867129D00539BAE /* Main.storyboard in Resources */ = {isa = PBXBuildFile; fileRef = 79618E5C2867129D00539BAE /* Main.storyboard */; };
		79618E66286736C000539BAE /* VarSelectViewController.swift in Sources */ = {isa = PBXBuildFile; fileRef = 79618E65286736C000539BAE /* VarSelectViewController.swift */; };
		79618E6828674D7700539BAE /* Var2SelectViewController.swift in Sources */ = {isa = PBXBuildFile; fileRef = 79618E6728674D7700539BAE /* Var2SelectViewController.swift */; };
		79618E71286753BE00539BAE /* NCFileInfo.cpp in Sources */ = {isa = PBXBuildFile; fileRef = 79618E70286753BE00539BAE /* NCFileInfo.cpp */; };
		79618E752867550200539BAE /* NCFileInfo-Wrapper.mm in Sources */ = {isa = PBXBuildFile; fileRef = 79618E742867550200539BAE /* NCFileInfo-Wrapper.mm */; };
		79F5B9A22868940B002BA4BE /* libnetcdf-cxx4.dylib in Frameworks */ = {isa = PBXBuildFile; fileRef = 79F5B9A12868940B002BA4BE /* libnetcdf-cxx4.dylib */; };
/* End PBXBuildFile section */

/* Begin PBXFileReference section */
		792329532869DD3B009A5E00 /* VarSelectWindowController.swift */ = {isa = PBXFileReference; lastKnownFileType = sourcecode.swift; path = VarSelectWindowController.swift; sourceTree = "<group>"; };
		79618E532867129C00539BAE /* TC_Tracker_mac.app */ = {isa = PBXFileReference; explicitFileType = wrapper.application; includeInIndex = 0; path = TC_Tracker_mac.app; sourceTree = BUILT_PRODUCTS_DIR; };
		79618E562867129C00539BAE /* AppDelegate.swift */ = {isa = PBXFileReference; lastKnownFileType = sourcecode.swift; path = AppDelegate.swift; sourceTree = "<group>"; };
		79618E582867129C00539BAE /* ViewController.swift */ = {isa = PBXFileReference; lastKnownFileType = sourcecode.swift; path = ViewController.swift; sourceTree = "<group>"; };
		79618E5A2867129D00539BAE /* Assets.xcassets */ = {isa = PBXFileReference; lastKnownFileType = folder.assetcatalog; path = Assets.xcassets; sourceTree = "<group>"; };
		79618E5D2867129D00539BAE /* Base */ = {isa = PBXFileReference; lastKnownFileType = file.storyboard; name = Base; path = Base.lproj/Main.storyboard; sourceTree = "<group>"; };
		79618E5F2867129D00539BAE /* TC_Tracker_mac.entitlements */ = {isa = PBXFileReference; lastKnownFileType = text.plist.entitlements; path = TC_Tracker_mac.entitlements; sourceTree = "<group>"; };
		79618E65286736C000539BAE /* VarSelectViewController.swift */ = {isa = PBXFileReference; lastKnownFileType = sourcecode.swift; path = VarSelectViewController.swift; sourceTree = "<group>"; };
		79618E6728674D7700539BAE /* Var2SelectViewController.swift */ = {isa = PBXFileReference; lastKnownFileType = sourcecode.swift; path = Var2SelectViewController.swift; sourceTree = "<group>"; };
		79618E6C2867537F00539BAE /* NCFileInfo.h */ = {isa = PBXFileReference; fileEncoding = 4; lastKnownFileType = sourcecode.c.h; name = NCFileInfo.h; path = ../../core/include/NCFileInfo.h; sourceTree = "<group>"; };
		79618E6F286753BE00539BAE /* TC_Tracker_mac-Bridging-Header.h */ = {isa = PBXFileReference; lastKnownFileType = sourcecode.c.h; path = "TC_Tracker_mac-Bridging-Header.h"; sourceTree = "<group>"; };
		79618E70286753BE00539BAE /* NCFileInfo.cpp */ = {isa = PBXFileReference; fileEncoding = 4; lastKnownFileType = sourcecode.cpp.cpp; name = NCFileInfo.cpp; path = ../../core/src/NCFileInfo.cpp; sourceTree = "<group>"; };
		79618E73286754DA00539BAE /* NCFileInfo-Wrapper.h */ = {isa = PBXFileReference; lastKnownFileType = sourcecode.c.h; path = "NCFileInfo-Wrapper.h"; sourceTree = "<group>"; };
		79618E742867550200539BAE /* NCFileInfo-Wrapper.mm */ = {isa = PBXFileReference; lastKnownFileType = sourcecode.cpp.objcpp; path = "NCFileInfo-Wrapper.mm"; sourceTree = "<group>"; };
		79F5B9A12868940B002BA4BE /* libnetcdf-cxx4.dylib */ = {isa = PBXFileReference; lastKnownFileType = "compiled.mach-o.dylib"; name = "libnetcdf-cxx4.dylib"; path = "../../../../../../../../../../opt/homebrew/lib/libnetcdf-cxx4.dylib"; sourceTree = "<group>"; };
/* End PBXFileReference section */

/* Begin PBXFrameworksBuildPhase section */
		79618E502867129C00539BAE /* Frameworks */ = {
			isa = PBXFrameworksBuildPhase;
			buildActionMask = 2147483647;
			files = (
				79F5B9A22868940B002BA4BE /* libnetcdf-cxx4.dylib in Frameworks */,
			);
			runOnlyForDeploymentPostprocessing = 0;
		};
/* End PBXFrameworksBuildPhase section */

/* Begin PBXGroup section */
		79618E4A2867129C00539BAE = {
			isa = PBXGroup;
			children = (
				79618E552867129C00539BAE /* TC_Tracker_mac */,
				79618E542867129C00539BAE /* Products */,
				79F5B9A02868940B002BA4BE /* Frameworks */,
			);
			sourceTree = "<group>";
		};
		79618E542867129C00539BAE /* Products */ = {
			isa = PBXGroup;
			children = (
				79618E532867129C00539BAE /* TC_Tracker_mac.app */,
			);
			name = Products;
			sourceTree = "<group>";
		};
		79618E552867129C00539BAE /* TC_Tracker_mac */ = {
			isa = PBXGroup;
			children = (
				79618E562867129C00539BAE /* AppDelegate.swift */,
				79618E582867129C00539BAE /* ViewController.swift */,
				79618E6B2867537100539BAE /* core */,
				79618E722867542900539BAE /* wrapper */,
				79618E6F286753BE00539BAE /* TC_Tracker_mac-Bridging-Header.h */,
				79618E5A2867129D00539BAE /* Assets.xcassets */,
				79618E5C2867129D00539BAE /* Main.storyboard */,
				792329532869DD3B009A5E00 /* VarSelectWindowController.swift */,
				79618E65286736C000539BAE /* VarSelectViewController.swift */,
				79618E6728674D7700539BAE /* Var2SelectViewController.swift */,
				79618E5F2867129D00539BAE /* TC_Tracker_mac.entitlements */,
			);
			path = TC_Tracker_mac;
			sourceTree = "<group>";
		};
		79618E6B2867537100539BAE /* core */ = {
			isa = PBXGroup;
			children = (
				79618E6D2867539D00539BAE /* include */,
				79618E6E286753AE00539BAE /* src */,
			);
			name = core;
			sourceTree = "<group>";
		};
		79618E6D2867539D00539BAE /* include */ = {
			isa = PBXGroup;
			children = (
				79618E6C2867537F00539BAE /* NCFileInfo.h */,
			);
			name = include;
			sourceTree = "<group>";
		};
		79618E6E286753AE00539BAE /* src */ = {
			isa = PBXGroup;
			children = (
				79618E70286753BE00539BAE /* NCFileInfo.cpp */,
			);
			name = src;
			sourceTree = "<group>";
		};
		79618E722867542900539BAE /* wrapper */ = {
			isa = PBXGroup;
			children = (
				79618E73286754DA00539BAE /* NCFileInfo-Wrapper.h */,
				79618E742867550200539BAE /* NCFileInfo-Wrapper.mm */,
			);
			path = wrapper;
			sourceTree = "<group>";
		};
		79F5B9A02868940B002BA4BE /* Frameworks */ = {
			isa = PBXGroup;
			children = (
				79F5B9A12868940B002BA4BE /* libnetcdf-cxx4.dylib */,
			);
			name = Frameworks;
			sourceTree = "<group>";
		};
/* End PBXGroup section */

/* Begin PBXNativeTarget section */
		79618E522867129C00539BAE /* TC_Tracker_mac */ = {
			isa = PBXNativeTarget;
			buildConfigurationList = 79618E622867129D00539BAE /* Build configuration list for PBXNativeTarget "TC_Tracker_mac" */;
			buildPhases = (
				79618E4F2867129C00539BAE /* Sources */,
				79618E502867129C00539BAE /* Frameworks */,
				79618E512867129C00539BAE /* Resources */,
			);
			buildRules = (
			);
			dependencies = (
			);
			name = TC_Tracker_mac;
			productName = TC_Tracker_mac;
			productReference = 79618E532867129C00539BAE /* TC_Tracker_mac.app */;
			productType = "com.apple.product-type.application";
		};
/* End PBXNativeTarget section */

/* Begin PBXProject section */
		79618E4B2867129C00539BAE /* Project object */ = {
			isa = PBXProject;
			attributes = {
				BuildIndependentTargetsInParallel = 1;
				LastSwiftUpdateCheck = 1330;
				LastUpgradeCheck = 1330;
				TargetAttributes = {
					79618E522867129C00539BAE = {
						CreatedOnToolsVersion = 13.3;
						LastSwiftMigration = 1330;
					};
				};
			};
			buildConfigurationList = 79618E4E2867129C00539BAE /* Build configuration list for PBXProject "TC_Tracker_mac" */;
			compatibilityVersion = "Xcode 13.0";
			developmentRegion = en;
			hasScannedForEncodings = 0;
			knownRegions = (
				en,
				Base,
			);
			mainGroup = 79618E4A2867129C00539BAE;
			productRefGroup = 79618E542867129C00539BAE /* Products */;
			projectDirPath = "";
			projectRoot = "";
			targets = (
				79618E522867129C00539BAE /* TC_Tracker_mac */,
			);
		};
/* End PBXProject section */

/* Begin PBXResourcesBuildPhase section */
		79618E512867129C00539BAE /* Resources */ = {
			isa = PBXResourcesBuildPhase;
			buildActionMask = 2147483647;
			files = (
				79618E5B2867129D00539BAE /* Assets.xcassets in Resources */,
				79618E5E2867129D00539BAE /* Main.storyboard in Resources */,
			);
			runOnlyForDeploymentPostprocessing = 0;
		};
/* End PBXResourcesBuildPhase section */

/* Begin PBXSourcesBuildPhase section */
		79618E4F2867129C00539BAE /* Sources */ = {
			isa = PBXSourcesBuildPhase;
			buildActionMask = 2147483647;
			files = (
				79618E71286753BE00539BAE /* NCFileInfo.cpp in Sources */,
				79618E592867129C00539BAE /* ViewController.swift in Sources */,
				792329542869DD3B009A5E00 /* VarSelectWindowController.swift in Sources */,
				79618E752867550200539BAE /* NCFileInfo-Wrapper.mm in Sources */,
				79618E572867129C00539BAE /* AppDelegate.swift in Sources */,
				79618E66286736C000539BAE /* VarSelectViewController.swift in Sources */,
				79618E6828674D7700539BAE /* Var2SelectViewController.swift in Sources */,
			);
			runOnlyForDeploymentPostprocessing = 0;
		};
/* End PBXSourcesBuildPhase section */

/* Begin PBXVariantGroup section */
		79618E5C2867129D00539BAE /* Main.storyboard */ = {
			isa = PBXVariantGroup;
			children = (
				79618E5D2867129D00539BAE /* Base */,
			);
			name = Main.storyboard;
			sourceTree = "<group>";
		};
/* End PBXVariantGroup section */

/* Begin XCBuildConfiguration section */
		79618E602867129D00539BAE /* Debug */ = {
			isa = XCBuildConfiguration;
			buildSettings = {
				ALWAYS_SEARCH_USER_PATHS = NO;
				CLANG_ANALYZER_NONNULL = YES;
				CLANG_ANALYZER_NUMBER_OBJECT_CONVERSION = YES_AGGRESSIVE;
				CLANG_CXX_LANGUAGE_STANDARD = "gnu++17";
				CLANG_ENABLE_MODULES = YES;
				CLANG_ENABLE_OBJC_ARC = YES;
				CLANG_ENABLE_OBJC_WEAK = YES;
				CLANG_WARN_BLOCK_CAPTURE_AUTORELEASING = YES;
				CLANG_WARN_BOOL_CONVERSION = YES;
				CLANG_WARN_COMMA = YES;
				CLANG_WARN_CONSTANT_CONVERSION = YES;
				CLANG_WARN_DEPRECATED_OBJC_IMPLEMENTATIONS = YES;
				CLANG_WARN_DIRECT_OBJC_ISA_USAGE = YES_ERROR;
				CLANG_WARN_DOCUMENTATION_COMMENTS = YES;
				CLANG_WARN_EMPTY_BODY = YES;
				CLANG_WARN_ENUM_CONVERSION = YES;
				CLANG_WARN_INFINITE_RECURSION = YES;
				CLANG_WARN_INT_CONVERSION = YES;
				CLANG_WARN_NON_LITERAL_NULL_CONVERSION = YES;
				CLANG_WARN_OBJC_IMPLICIT_RETAIN_SELF = YES;
				CLANG_WARN_OBJC_LITERAL_CONVERSION = YES;
				CLANG_WARN_OBJC_ROOT_CLASS = YES_ERROR;
				CLANG_WARN_QUOTED_INCLUDE_IN_FRAMEWORK_HEADER = YES;
				CLANG_WARN_RANGE_LOOP_ANALYSIS = YES;
				CLANG_WARN_STRICT_PROTOTYPES = YES;
				CLANG_WARN_SUSPICIOUS_MOVE = YES;
				CLANG_WARN_UNGUARDED_AVAILABILITY = YES_AGGRESSIVE;
				CLANG_WARN_UNREACHABLE_CODE = YES;
				CLANG_WARN__DUPLICATE_METHOD_MATCH = YES;
				COPY_PHASE_STRIP = NO;
				DEBUG_INFORMATION_FORMAT = dwarf;
				ENABLE_STRICT_OBJC_MSGSEND = YES;
				ENABLE_TESTABILITY = YES;
				GCC_C_LANGUAGE_STANDARD = gnu11;
				GCC_DYNAMIC_NO_PIC = NO;
				GCC_NO_COMMON_BLOCKS = YES;
				GCC_OPTIMIZATION_LEVEL = 0;
				GCC_PREPROCESSOR_DEFINITIONS = (
					"DEBUG=1",
					"$(inherited)",
				);
				GCC_WARN_64_TO_32_BIT_CONVERSION = YES;
				GCC_WARN_ABOUT_RETURN_TYPE = YES_ERROR;
				GCC_WARN_UNDECLARED_SELECTOR = YES;
				GCC_WARN_UNINITIALIZED_AUTOS = YES_AGGRESSIVE;
				GCC_WARN_UNUSED_FUNCTION = YES;
				GCC_WARN_UNUSED_VARIABLE = YES;
				MACOSX_DEPLOYMENT_TARGET = 12.3;
				MTL_ENABLE_DEBUG_INFO = INCLUDE_SOURCE;
				MTL_FAST_MATH = YES;
				ONLY_ACTIVE_ARCH = YES;
				SDKROOT = macosx;
				SWIFT_ACTIVE_COMPILATION_CONDITIONS = DEBUG;
				SWIFT_OPTIMIZATION_LEVEL = "-Onone";
			};
			name = Debug;
		};
		79618E612867129D00539BAE /* Release */ = {
			isa = XCBuildConfiguration;
			buildSettings = {
				ALWAYS_SEARCH_USER_PATHS = NO;
				CLANG_ANALYZER_NONNULL = YES;
				CLANG_ANALYZER_NUMBER_OBJECT_CONVERSION = YES_AGGRESSIVE;
				CLANG_CXX_LANGUAGE_STANDARD = "gnu++17";
				CLANG_ENABLE_MODULES = YES;
				CLANG_ENABLE_OBJC_ARC = YES;
				CLANG_ENABLE_OBJC_WEAK = YES;
				CLANG_WARN_BLOCK_CAPTURE_AUTORELEASING = YES;
				CLANG_WARN_BOOL_CONVERSION = YES;
				CLANG_WARN_COMMA = YES;
				CLANG_WARN_CONSTANT_CONVERSION = YES;
				CLANG_WARN_DEPRECATED_OBJC_IMPLEMENTATIONS = YES;
				CLANG_WARN_DIRECT_OBJC_ISA_USAGE = YES_ERROR;
				CLANG_WARN_DOCUMENTATION_COMMENTS = YES;
				CLANG_WARN_EMPTY_BODY = YES;
				CLANG_WARN_ENUM_CONVERSION = YES;
				CLANG_WARN_INFINITE_RECURSION = YES;
				CLANG_WARN_INT_CONVERSION = YES;
				CLANG_WARN_NON_LITERAL_NULL_CONVERSION = YES;
				CLANG_WARN_OBJC_IMPLICIT_RETAIN_SELF = YES;
				CLANG_WARN_OBJC_LITERAL_CONVERSION = YES;
				CLANG_WARN_OBJC_ROOT_CLASS = YES_ERROR;
				CLANG_WARN_QUOTED_INCLUDE_IN_FRAMEWORK_HEADER = YES;
				CLANG_WARN_RANGE_LOOP_ANALYSIS = YES;
				CLANG_WARN_STRICT_PROTOTYPES = YES;
				CLANG_WARN_SUSPICIOUS_MOVE = YES;
				CLANG_WARN_UNGUARDED_AVAILABILITY = YES_AGGRESSIVE;
				CLANG_WARN_UNREACHABLE_CODE = YES;
				CLANG_WARN__DUPLICATE_METHOD_MATCH = YES;
				COPY_PHASE_STRIP = NO;
				DEBUG_INFORMATION_FORMAT = "dwarf-with-dsym";
				ENABLE_NS_ASSERTIONS = NO;
				ENABLE_STRICT_OBJC_MSGSEND = YES;
				GCC_C_LANGUAGE_STANDARD = gnu11;
				GCC_NO_COMMON_BLOCKS = YES;
				GCC_WARN_64_TO_32_BIT_CONVERSION = YES;
				GCC_WARN_ABOUT_RETURN_TYPE = YES_ERROR;
				GCC_WARN_UNDECLARED_SELECTOR = YES;
				GCC_WARN_UNINITIALIZED_AUTOS = YES_AGGRESSIVE;
				GCC_WARN_UNUSED_FUNCTION = YES;
				GCC_WARN_UNUSED_VARIABLE = YES;
				MACOSX_DEPLOYMENT_TARGET = 12.3;
				MTL_ENABLE_DEBUG_INFO = NO;
				MTL_FAST_MATH = YES;
				SDKROOT = macosx;
				SWIFT_COMPILATION_MODE = wholemodule;
				SWIFT_OPTIMIZATION_LEVEL = "-O";
			};
			name = Release;
		};
		79618E632867129D00539BAE /* Debug */ = {
			isa = XCBuildConfiguration;
			buildSettings = {
				ASSETCATALOG_COMPILER_APPICON_NAME = AppIcon;
				ASSETCATALOG_COMPILER_GLOBAL_ACCENT_COLOR_NAME = AccentColor;
				CLANG_ENABLE_MODULES = YES;
				CODE_SIGN_ENTITLEMENTS = TC_Tracker_mac/TC_Tracker_mac.entitlements;
				CODE_SIGN_STYLE = Automatic;
				COMBINE_HIDPI_IMAGES = YES;
				CURRENT_PROJECT_VERSION = 1;
				GENERATE_INFOPLIST_FILE = YES;
				HEADER_SEARCH_PATHS = /opt/homebrew/include;
				INFOPLIST_KEY_NSHumanReadableCopyright = "";
				INFOPLIST_KEY_NSMainStoryboardFile = Main;
				INFOPLIST_KEY_NSPrincipalClass = NSApplication;
				LD_RUNPATH_SEARCH_PATHS = (
					"$(inherited)",
					"@executable_path/../Frameworks",
				);
				LIBRARY_SEARCH_PATHS = /opt/homebrew/lib;
				MARKETING_VERSION = 1.0;
				PRODUCT_BUNDLE_IDENTIFIER = "com.the1000thsummer.TC-Tracker-mac";
				PRODUCT_NAME = "$(TARGET_NAME)";
				SWIFT_EMIT_LOC_STRINGS = YES;
				SWIFT_OBJC_BRIDGING_HEADER = "TC_Tracker_mac/TC_Tracker_mac-Bridging-Header.h";
				SWIFT_OPTIMIZATION_LEVEL = "-Onone";
				SWIFT_VERSION = 5.0;
			};
			name = Debug;
		};
		79618E642867129D00539BAE /* Release */ = {
			isa = XCBuildConfiguration;
			buildSettings = {
				ASSETCATALOG_COMPILER_APPICON_NAME = AppIcon;
				ASSETCATALOG_COMPILER_GLOBAL_ACCENT_COLOR_NAME = AccentColor;
				CLANG_ENABLE_MODULES = YES;
				CODE_SIGN_ENTITLEMENTS = TC_Tracker_mac/TC_Tracker_mac.entitlements;
				CODE_SIGN_STYLE = Automatic;
				COMBINE_HIDPI_IMAGES = YES;
				CURRENT_PROJECT_VERSION = 1;
				GENERATE_INFOPLIST_FILE = YES;
				HEADER_SEARCH_PATHS = /opt/homebrew/include;
				INFOPLIST_KEY_NSHumanReadableCopyright = "";
				INFOPLIST_KEY_NSMainStoryboardFile = Main;
				INFOPLIST_KEY_NSPrincipalClass = NSApplication;
				LD_RUNPATH_SEARCH_PATHS = (
					"$(inherited)",
					"@executable_path/../Frameworks",
				);
				LIBRARY_SEARCH_PATHS = /opt/homebrew/lib;
				MARKETING_VERSION = 1.0;
				PRODUCT_BUNDLE_IDENTIFIER = "com.the1000thsummer.TC-Tracker-mac";
				PRODUCT_NAME = "$(TARGET_NAME)";
				SWIFT_EMIT_LOC_STRINGS = YES;
				SWIFT_OBJC_BRIDGING_HEADER = "TC_Tracker_mac/TC_Tracker_mac-Bridging-Header.h";
				SWIFT_VERSION = 5.0;
			};
			name = Release;
		};
/* End XCBuildConfiguration section */

/* Begin XCConfigurationList section */
		79618E4E2867129C00539BAE /* Build configuration list for PBXProject "TC_Tracker_mac" */ = {
			isa = XCConfigurationList;
			buildConfigurations = (
				79618E602867129D00539BAE /* Debug */,
				79618E612867129D00539BAE /* Release */,
			);
			defaultConfigurationIsVisible = 0;
			defaultConfigurationName = Release;
		};
		79618E622867129D00539BAE /* Build configuration list for PBXNativeTarget "TC_Tracker_mac" */ = {
			isa = XCConfigurationList;
			buildConfigurations = (
				79618E632867129D00539BAE /* Debug */,
				79618E642867129D00539BAE /* Release */,
			);
			defaultConfigurationIsVisible = 0;
			defaultConfigurationName = Release;
		};
/* End XCConfigurationList section */
	};
	rootObject = 79618E4B2867129C00539BAE /* Project object */;
}
